lockVersion: 2.0.0
id: 4c6ac6f1-8178-4943-84ec-661b58faa78b
management:
  docChecksum: 6ea20ba347aeb992182b7a77a96d1557
  docVersion: 3.0.0
  speakeasyVersion: 1.338.0
  generationVersion: 2.374.2
  releaseVersion: 3.0.0
  configChecksum: d59e63d4e2b28f5f6a356f25f8eae143
  repoURL: https://github.com/codatio/client-sdk-typescript.git
  repoSubDirectory: sync-for-payroll
  installationURL: https://gitpkg.now.sh/codatio/client-sdk-typescript/sync-for-payroll
  published: true
features:
  typescript:
    additionalDependencies: 0.1.0
    constsAndDefaults: 0.1.5
    core: 3.11.7
    decimal: 0.1.2
    defaultEnabledRetries: 0.1.0
    deprecations: 2.81.1
    examples: 2.81.4
    globalSecurity: 2.82.9
    globalSecurityCallbacks: 0.1.0
    globalSecurityFlattening: 0.1.0
    globalServerURLs: 2.82.4
    nameOverrides: 2.81.2
    nullables: 0.1.0
    responseFormat: 0.2.3
    retries: 2.83.0
    sdkHooks: 0.1.0
    serverEventsSentinels: 0.1.0
    webhooks: 1.0.0
generatedFiles:
  - src/sdk/companies.ts
  - src/sdk/connections.ts
  - src/sdk/managedata.ts
  - src/sdk/accounts.ts
  - src/sdk/journalentries.ts
  - src/sdk/journals.ts
  - src/sdk/trackingcategories.ts
  - src/sdk/companyinfo.ts
  - src/sdk/sdk.ts
  - .eslintrc.cjs
  - .npmignore
  - RUNTIMES.md
  - jsr.json
  - package.json
  - src/index.ts
  - src/lib/base64.ts
  - src/lib/config.ts
  - src/lib/encodings.ts
  - src/lib/http.ts
  - src/lib/is-plain-object.ts
  - src/lib/primitives.ts
  - src/lib/retries.ts
  - src/lib/schemas.ts
  - src/lib/sdks.ts
  - src/lib/security.ts
  - src/lib/url.ts
  - src/sdk/index.ts
  - src/sdk/models/errors/sdkerror.ts
  - src/sdk/models/errors/sdkvalidationerror.ts
  - src/sdk/types/blobs.ts
  - src/sdk/types/decimal.ts
  - src/sdk/types/enums.ts
  - src/sdk/types/index.ts
  - src/sdk/types/operations.ts
  - src/sdk/types/rfcdate.ts
  - tsconfig.json
  - src/sdk/models/shared/companies.ts
  - src/sdk/models/shared/links.ts
  - src/sdk/models/shared/halref.ts
  - src/sdk/models/shared/company.ts
  - src/sdk/models/shared/connection.ts
  - src/sdk/models/shared/dataconnectionerror.ts
  - src/sdk/models/shared/dataconnectionstatus.ts
  - src/sdk/models/shared/errorvalidation.ts
  - src/sdk/models/shared/errorvalidationitem.ts
  - src/sdk/models/shared/companyrequestbody.ts
  - src/sdk/models/shared/items.ts
  - src/sdk/models/shared/connections.ts
  - src/sdk/models/shared/datastatus.ts
  - src/sdk/models/shared/status.ts
  - src/sdk/models/shared/pulloperation.ts
  - src/sdk/models/shared/datatype.ts
  - src/sdk/models/shared/pulloperations.ts
  - src/sdk/models/shared/pushoperations.ts
  - src/sdk/models/shared/pushoperation.ts
  - src/sdk/models/shared/validation.ts
  - src/sdk/models/shared/validationitem.ts
  - src/sdk/models/shared/pushoperationstatus.ts
  - src/sdk/models/shared/propertiedatatype.ts
  - src/sdk/models/shared/pushoperationchange.ts
  - src/sdk/models/shared/pushoperationref.ts
  - src/sdk/models/shared/pushchangetype.ts
  - src/sdk/models/shared/accounts.ts
  - src/sdk/models/shared/account.ts
  - src/sdk/models/shared/supplementaldata.ts
  - src/sdk/models/shared/accountstatus.ts
  - src/sdk/models/shared/accounttype.ts
  - src/sdk/models/shared/pushoption.ts
  - src/sdk/models/shared/pushvalidationinfo.ts
  - src/sdk/models/shared/pushfieldvalidation.ts
  - src/sdk/models/shared/pushoptionchoice.ts
  - src/sdk/models/shared/pushoptiontype.ts
  - src/sdk/models/shared/pushoptionproperty.ts
  - src/sdk/models/shared/createaccountresponse.ts
  - src/sdk/models/shared/accountprototype.ts
  - src/sdk/models/shared/journalentries.ts
  - src/sdk/models/shared/journalentry.ts
  - src/sdk/models/shared/metadata.ts
  - src/sdk/models/shared/journalentryrecordref.ts
  - src/sdk/models/shared/journalline.ts
  - src/sdk/models/shared/trackingrecordref.ts
  - src/sdk/models/shared/accountref.ts
  - src/sdk/models/shared/journalref.ts
  - src/sdk/models/shared/createjournalentryresponse.ts
  - src/sdk/models/shared/journals.ts
  - src/sdk/models/shared/journal.ts
  - src/sdk/models/shared/journalstatus.ts
  - src/sdk/models/shared/createjournalresponse.ts
  - src/sdk/models/shared/journalprototype.ts
  - src/sdk/models/shared/trackingcategories.ts
  - src/sdk/models/shared/trackingcategory.ts
  - src/sdk/models/shared/definitionstatus.ts
  - src/sdk/models/shared/trackingcategorytree.ts
  - src/sdk/models/shared/companyinfo.ts
  - src/sdk/models/shared/weblink.ts
  - src/sdk/models/shared/phonenumber.ts
  - src/sdk/models/shared/phonenumbertype.ts
  - src/sdk/models/shared/address.ts
  - src/sdk/models/shared/accountingaddresstype.ts
  - src/sdk/models/shared/security.ts
  - src/sdk/models/shared/clientratelimitreachedwebhook.ts
  - src/sdk/models/shared/clientratelimitreachedwebhookdata.ts
  - src/sdk/models/shared/clientratelimitresetwebhook.ts
  - src/sdk/models/shared/clientratelimitresetwebhookdata.ts
  - src/sdk/models/errors/errormessage.ts
  - src/sdk/models/operations/listcompanies.ts
  - src/sdk/models/operations/updatecompany.ts
  - src/sdk/models/operations/deletecompany.ts
  - src/sdk/models/operations/getcompany.ts
  - src/sdk/models/operations/listconnections.ts
  - src/sdk/models/operations/createconnection.ts
  - src/sdk/models/operations/getconnection.ts
  - src/sdk/models/operations/deleteconnection.ts
  - src/sdk/models/operations/unlinkconnection.ts
  - src/sdk/models/operations/refreshalldatatypes.ts
  - src/sdk/models/operations/getdatastatus.ts
  - src/sdk/models/operations/refreshdatatype.ts
  - src/sdk/models/operations/listpulloperations.ts
  - src/sdk/models/operations/listpushoperations.ts
  - src/sdk/models/operations/getpulloperation.ts
  - src/sdk/models/operations/getpushoperation.ts
  - src/sdk/models/operations/listaccounts.ts
  - src/sdk/models/operations/getaccount.ts
  - src/sdk/models/operations/getcreateaccountsmodel.ts
  - src/sdk/models/operations/createaccount.ts
  - src/sdk/models/operations/listjournalentries.ts
  - src/sdk/models/operations/getjournalentry.ts
  - src/sdk/models/operations/deletejournalentry.ts
  - src/sdk/models/operations/getcreatejournalentrymodel.ts
  - src/sdk/models/operations/createjournalentry.ts
  - src/sdk/models/operations/listjournals.ts
  - src/sdk/models/operations/getjournal.ts
  - src/sdk/models/operations/getcreatejournalmodel.ts
  - src/sdk/models/operations/createjournal.ts
  - src/sdk/models/operations/listtrackingcategories.ts
  - src/sdk/models/operations/gettrackingcategory.ts
  - src/sdk/models/operations/getaccountingprofile.ts
  - src/sdk/models/errors/index.ts
  - src/sdk/models/shared/index.ts
  - src/sdk/models/operations/index.ts
  - docs/sdk/models/shared/companies.md
  - docs/sdk/models/shared/links.md
  - docs/sdk/models/shared/halref.md
  - docs/sdk/models/shared/groupreference.md
  - docs/sdk/models/shared/company.md
  - docs/sdk/models/shared/sourcetype.md
  - docs/sdk/models/shared/connection.md
  - docs/sdk/models/shared/errorstatus.md
  - docs/sdk/models/shared/dataconnectionerror.md
  - docs/sdk/models/shared/dataconnectionstatus.md
  - docs/sdk/models/shared/errorvalidation.md
  - docs/sdk/models/shared/errorvalidationitem.md
  - docs/sdk/models/shared/companyrequestbody.md
  - docs/sdk/models/shared/items.md
  - docs/sdk/models/shared/connections.md
  - docs/sdk/models/shared/datatypes.md
  - docs/sdk/models/shared/datastatus.md
  - docs/sdk/models/shared/status.md
  - docs/sdk/models/shared/datasetstatus.md
  - docs/sdk/models/shared/pulloperation.md
  - docs/sdk/models/shared/datatype.md
  - docs/sdk/models/shared/pulloperations.md
  - docs/sdk/models/shared/pushoperations.md
  - docs/sdk/models/shared/pushoperation.md
  - docs/sdk/models/shared/validation.md
  - docs/sdk/models/shared/validationitem.md
  - docs/sdk/models/shared/pushoperationstatus.md
  - docs/sdk/models/shared/propertiedatatype.md
  - docs/sdk/models/shared/pushoperationchange.md
  - docs/sdk/models/shared/pushoperationref.md
  - docs/sdk/models/shared/pushchangetype.md
  - docs/sdk/models/shared/accounts.md
  - docs/sdk/models/shared/validdatatypelinks.md
  - docs/sdk/models/shared/accountmetadata.md
  - docs/sdk/models/shared/account.md
  - docs/sdk/models/shared/supplementaldata.md
  - docs/sdk/models/shared/accountstatus.md
  - docs/sdk/models/shared/accounttype.md
  - docs/sdk/models/shared/pushoption.md
  - docs/sdk/models/shared/pushvalidationinfo.md
  - docs/sdk/models/shared/pushfieldvalidation.md
  - docs/sdk/models/shared/pushoptionchoice.md
  - docs/sdk/models/shared/pushoptiontype.md
  - docs/sdk/models/shared/pushoptionproperty.md
  - docs/sdk/models/shared/createaccountresponsevaliddatatypelinks.md
  - docs/sdk/models/shared/createaccountresponsemetadata.md
  - docs/sdk/models/shared/accountingaccount.md
  - docs/sdk/models/shared/createaccountresponse.md
  - docs/sdk/models/shared/accountprototypevaliddatatypelinks.md
  - docs/sdk/models/shared/accountprototype.md
  - docs/sdk/models/shared/journalentries.md
  - docs/sdk/models/shared/journalentry.md
  - docs/sdk/models/shared/metadata.md
  - docs/sdk/models/shared/journalentryrecordrefdatatype.md
  - docs/sdk/models/shared/journalentryrecordref.md
  - docs/sdk/models/shared/tracking.md
  - docs/sdk/models/shared/journallinedatatype.md
  - docs/sdk/models/shared/contactreference.md
  - docs/sdk/models/shared/journalline.md
  - docs/sdk/models/shared/trackingrecordrefdatatype.md
  - docs/sdk/models/shared/trackingrecordref.md
  - docs/sdk/models/shared/accountref.md
  - docs/sdk/models/shared/journalref.md
  - docs/sdk/models/shared/accountingjournalentry.md
  - docs/sdk/models/shared/createjournalentryresponse.md
  - docs/sdk/models/shared/journals.md
  - docs/sdk/models/shared/journal.md
  - docs/sdk/models/shared/journalstatus.md
  - docs/sdk/models/shared/accountingjournal.md
  - docs/sdk/models/shared/createjournalresponse.md
  - docs/sdk/models/shared/journalprototype.md
  - docs/sdk/models/shared/trackingcategories.md
  - docs/sdk/models/shared/trackingcategory.md
  - docs/sdk/models/shared/definitionstatus.md
  - docs/sdk/models/shared/trackingcategorytree.md
  - docs/sdk/models/shared/companyinfo.md
  - docs/sdk/models/shared/type.md
  - docs/sdk/models/shared/weblink.md
  - docs/sdk/models/shared/phonenumber.md
  - docs/sdk/models/shared/phonenumbertype.md
  - docs/sdk/models/shared/address.md
  - docs/sdk/models/shared/accountingaddresstype.md
  - docs/sdk/models/shared/security.md
  - docs/sdk/models/shared/clientratelimitreachedwebhook.md
  - docs/sdk/models/shared/clientratelimitreachedwebhookdata.md
  - docs/sdk/models/shared/clientratelimitresetwebhook.md
  - docs/sdk/models/shared/clientratelimitresetwebhookdata.md
  - docs/sdk/models/errors/errormessage.md
  - docs/sdk/models/operations/listcompaniesrequest.md
  - docs/sdk/models/operations/updatecompanyrequest.md
  - docs/sdk/models/operations/deletecompanyrequest.md
  - docs/sdk/models/operations/getcompanyrequest.md
  - docs/sdk/models/operations/listconnectionsrequest.md
  - docs/sdk/models/operations/createconnectionrequestbody.md
  - docs/sdk/models/operations/createconnectionrequest.md
  - docs/sdk/models/operations/getconnectionrequest.md
  - docs/sdk/models/operations/deleteconnectionrequest.md
  - docs/sdk/models/operations/unlinkconnectionupdateconnection.md
  - docs/sdk/models/operations/unlinkconnectionrequest.md
  - docs/sdk/models/operations/refreshalldatatypesrequest.md
  - docs/sdk/models/operations/getdatastatusrequest.md
  - docs/sdk/models/operations/getdatastatusdatastatuses.md
  - docs/sdk/models/operations/refreshdatatyperequest.md
  - docs/sdk/models/operations/listpulloperationsrequest.md
  - docs/sdk/models/operations/listpushoperationsrequest.md
  - docs/sdk/models/operations/getpulloperationrequest.md
  - docs/sdk/models/operations/getpushoperationrequest.md
  - docs/sdk/models/operations/listaccountsrequest.md
  - docs/sdk/models/operations/getaccountrequest.md
  - docs/sdk/models/operations/getcreateaccountsmodelrequest.md
  - docs/sdk/models/operations/createaccountrequest.md
  - docs/sdk/models/operations/listjournalentriesrequest.md
  - docs/sdk/models/operations/getjournalentryrequest.md
  - docs/sdk/models/operations/deletejournalentryrequest.md
  - docs/sdk/models/operations/getcreatejournalentrymodelrequest.md
  - docs/sdk/models/operations/createjournalentryrequest.md
  - docs/sdk/models/operations/listjournalsrequest.md
  - docs/sdk/models/operations/getjournalrequest.md
  - docs/sdk/models/operations/getcreatejournalmodelrequest.md
  - docs/sdk/models/operations/createjournalrequest.md
  - docs/sdk/models/operations/listtrackingcategoriesrequest.md
  - docs/sdk/models/operations/gettrackingcategoryrequest.md
  - docs/sdk/models/operations/getaccountingprofilerequest.md
  - docs/sdks/codatsyncpayroll/README.md
  - docs/lib/utils/retryconfig.md
  - docs/sdks/companies/README.md
  - docs/sdks/connections/README.md
  - docs/sdks/managedata/README.md
  - docs/sdks/accounts/README.md
  - docs/sdks/journalentries/README.md
  - docs/sdks/journals/README.md
  - docs/sdks/trackingcategories/README.md
  - docs/sdks/companyinfo/README.md
  - USAGE.md
  - .gitattributes
  - src/hooks/hooks.ts
  - src/hooks/types.ts
  - src/hooks/index.ts
  - CONTRIBUTING.md
