lockVersion: 2.0.0
id: cfbd6780-603a-4791-82d1-1923fbb6bef3
management:
  docChecksum: 681f585653736aeb9009765e989c7e73
  docVersion: 3.0.0
  speakeasyVersion: internal
  generationVersion: 2.253.0
  releaseVersion: 2.2.0
  configChecksum: 4658936a7f14a33ca4370a709ff787dc
  repoURL: https://github.com/codatio/client-sdk-typescript.git
  repoSubDirectory: sync-for-payables
  installationURL: https://gitpkg.now.sh/codatio/client-sdk-typescript/sync-for-payables
  published: true
features:
  typescript:
    core: 3.4.6
    deprecations: 2.81.1
    examples: 2.81.3
    globalSecurity: 2.82.2
    globalServerURLs: 2.82.1
    ignores: 2.81.1
    nameOverrides: 2.81.1
    retries: 2.82.1
generatedFiles:
  - src/sdk/companies.ts
  - src/sdk/bills.ts
  - src/sdk/connections.ts
  - src/sdk/sdk.ts
  - .eslintrc.yml
  - jest.config.js
  - package-lock.json
  - package.json
  - src/index.ts
  - src/internal/utils/contenttype.ts
  - src/internal/utils/headers.ts
  - src/internal/utils/index.ts
  - src/internal/utils/pathparams.ts
  - src/internal/utils/queryparams.ts
  - src/internal/utils/requestbody.ts
  - src/internal/utils/retries.ts
  - src/internal/utils/security.ts
  - src/internal/utils/utils.ts
  - src/sdk/index.ts
  - src/sdk/models/errors/sdkerror.ts
  - src/sdk/types/index.ts
  - src/sdk/types/rfcdate.ts
  - tsconfig.json
  - src/sdk/models/operations/createcompany.ts
  - src/sdk/models/operations/deletecompany.ts
  - src/sdk/models/operations/getcompany.ts
  - src/sdk/models/operations/listcompanies.ts
  - src/sdk/models/operations/updatecompany.ts
  - src/sdk/models/operations/listbills.ts
  - src/sdk/models/operations/createconnection.ts
  - src/sdk/models/operations/deleteconnection.ts
  - src/sdk/models/operations/getconnection.ts
  - src/sdk/models/operations/listconnections.ts
  - src/sdk/models/operations/unlinkconnection.ts
  - src/sdk/models/shared/errormessage.ts
  - src/sdk/models/shared/errorvalidation.ts
  - src/sdk/models/shared/errorvalidationitem.ts
  - src/sdk/models/shared/company.ts
  - src/sdk/models/shared/connection.ts
  - src/sdk/models/shared/dataconnectionstatus.ts
  - src/sdk/models/shared/dataconnectionerror.ts
  - src/sdk/models/shared/companyrequestbody.ts
  - src/sdk/models/shared/items.ts
  - src/sdk/models/shared/companies.ts
  - src/sdk/models/shared/links.ts
  - src/sdk/models/shared/halref.ts
  - src/sdk/models/shared/bills.ts
  - src/sdk/models/shared/bill.ts
  - src/sdk/models/shared/supplierref.ts
  - src/sdk/models/shared/billstatus.ts
  - src/sdk/models/shared/billlineitem.ts
  - src/sdk/models/shared/connections.ts
  - src/sdk/models/shared/security.ts
  - src/sdk/models/shared/clientratelimitreachedwebhook.ts
  - src/sdk/models/shared/clientratelimitreachedwebhookdata.ts
  - src/sdk/models/shared/clientratelimitresetwebhook.ts
  - src/sdk/models/shared/clientratelimitresetwebhookdata.ts
  - src/sdk/models/shared/billeventwebhook.ts
  - src/sdk/models/shared/billeventpayload.ts
  - src/sdk/models/webhooks/clientratelimitreached.ts
  - src/sdk/models/webhooks/clientratelimitreset.ts
  - src/sdk/models/webhooks/payablesbillcreated.ts
  - src/sdk/models/webhooks/payablesbilldeleted.ts
  - src/sdk/models/webhooks/payablesbillupdated.ts
  - src/sdk/models/errors/index.ts
  - src/sdk/models/operations/index.ts
  - src/sdk/models/shared/index.ts
  - src/sdk/models/webhooks/index.ts
  - docs/sdk/models/operations/createcompanyresponse.md
  - docs/sdk/models/operations/deletecompanyrequest.md
  - docs/sdk/models/operations/deletecompanyresponse.md
  - docs/sdk/models/operations/getcompanyrequest.md
  - docs/sdk/models/operations/getcompanyresponse.md
  - docs/sdk/models/operations/listcompaniesrequest.md
  - docs/sdk/models/operations/listcompaniesresponse.md
  - docs/sdk/models/operations/updatecompanyrequest.md
  - docs/sdk/models/operations/updatecompanyresponse.md
  - docs/sdk/models/operations/listbillsrequest.md
  - docs/sdk/models/operations/listbillsresponse.md
  - docs/sdk/models/operations/createconnectionrequestbody.md
  - docs/sdk/models/operations/createconnectionrequest.md
  - docs/sdk/models/operations/createconnectionresponse.md
  - docs/sdk/models/operations/deleteconnectionrequest.md
  - docs/sdk/models/operations/deleteconnectionresponse.md
  - docs/sdk/models/operations/getconnectionrequest.md
  - docs/sdk/models/operations/getconnectionresponse.md
  - docs/sdk/models/operations/listconnectionsrequest.md
  - docs/sdk/models/operations/listconnectionsresponse.md
  - docs/sdk/models/operations/unlinkconnectionupdateconnection.md
  - docs/sdk/models/operations/unlinkconnectionrequest.md
  - docs/sdk/models/operations/unlinkconnectionresponse.md
  - docs/sdk/models/shared/errormessage.md
  - docs/sdk/models/shared/errorvalidation.md
  - docs/sdk/models/shared/errorvalidationitem.md
  - docs/sdk/models/shared/groupreference.md
  - docs/sdk/models/shared/company.md
  - docs/sdk/models/shared/sourcetype.md
  - docs/sdk/models/shared/connection.md
  - docs/sdk/models/shared/dataconnectionstatus.md
  - docs/sdk/models/shared/dataconnectionerror.md
  - docs/sdk/models/shared/companyrequestbody.md
  - docs/sdk/models/shared/items.md
  - docs/sdk/models/shared/companies.md
  - docs/sdk/models/shared/links.md
  - docs/sdk/models/shared/halref.md
  - docs/sdk/models/shared/bills.md
  - docs/sdk/models/shared/bill.md
  - docs/sdk/models/shared/supplierref.md
  - docs/sdk/models/shared/billstatus.md
  - docs/sdk/models/shared/accountreference.md
  - docs/sdk/models/shared/taxratereference.md
  - docs/sdk/models/shared/billlineitem.md
  - docs/sdk/models/shared/connections.md
  - docs/sdk/models/shared/security.md
  - docs/sdk/models/shared/clientratelimitreachedwebhook.md
  - docs/sdk/models/shared/clientratelimitreachedwebhookdata.md
  - docs/sdk/models/shared/clientratelimitresetwebhook.md
  - docs/sdk/models/shared/clientratelimitresetwebhookdata.md
  - docs/sdk/models/shared/billeventwebhook.md
  - docs/sdk/models/shared/billeventpayload.md
  - docs/sdk/models/webhooks/clientratelimitreachedresponse.md
  - docs/sdk/models/webhooks/clientratelimitresetresponse.md
  - docs/sdk/models/webhooks/payablesbillcreatedresponse.md
  - docs/sdk/models/webhooks/payablesbilldeletedresponse.md
  - docs/sdk/models/webhooks/payablesbillupdatedresponse.md
  - docs/sdks/codatsyncpayables/README.md
  - docs/internal/utils/retryconfig.md
  - docs/sdks/companies/README.md
  - docs/sdks/bills/README.md
  - docs/sdks/connections/README.md
  - USAGE.md
  - .gitattributes
