lockVersion: 2.0.0
id: 6a970e30-8d0a-42f0-a8ce-621dfe880a1d
management:
  docChecksum: 84e53b26a320e18ae6fb52f316bef10f
  docVersion: 3.0.0
  speakeasyVersion: 1.299.6
  generationVersion: 2.338.12
  releaseVersion: 2.6.0
  configChecksum: 529783aeea43d7812a4b811344f88fe1
  repoURL: https://github.com/codatio/client-sdk-typescript.git
  repoSubDirectory: platform
  installationURL: https://gitpkg.now.sh/codatio/client-sdk-typescript/platform
  published: true
features:
  typescript:
    additionalDependencies: 0.1.0
    constsAndDefaults: 0.1.5
    core: 3.9.11
    deprecations: 2.81.1
    examples: 2.81.4
    globalSecurity: 2.82.9
    globalSecurityCallbacks: 0.1.0
    globalSecurityFlattening: 0.1.0
    globalServerURLs: 2.82.4
    groups: 2.81.2
    ignores: 2.81.1
    inputOutputModels: 2.82.0
    nameOverrides: 2.81.2
    nullables: 0.1.0
    responseFormat: 0.2.3
    retries: 2.83.0
    sdkHooks: 0.1.0
    webhooks: 1.0.0
generatedFiles:
  - src/sdk/settings.ts
  - src/sdk/companiessdk.ts
  - src/sdk/corssettings.ts
  - src/sdk/connectionmanagement.ts
  - src/sdk/connectionssdk.ts
  - src/sdk/customdatatype.ts
  - src/sdk/pushdata.ts
  - src/sdk/refreshdata.ts
  - src/sdk/groupssdk.ts
  - src/sdk/integrationssdk.ts
  - src/sdk/supplementaldata.ts
  - src/sdk/webhookssdk.ts
  - src/sdk/sdk.ts
  - .eslintrc.js
  - .npmignore
  - RUNTIMES.md
  - jsr.json
  - package.json
  - src/index.ts
  - src/lib/base64.ts
  - src/lib/config.ts
  - src/lib/encodings.ts
  - src/lib/http.ts
  - src/lib/is-plain-object.ts
  - src/lib/retries.ts
  - src/lib/schemas.ts
  - src/lib/sdks.ts
  - src/lib/security.ts
  - src/lib/url.ts
  - src/sdk/index.ts
  - src/models/sdkerror.ts
  - src/models/sdkvalidationerror.ts
  - src/types/blobs.ts
  - src/types/enums.ts
  - src/types/index.ts
  - src/types/operations.ts
  - src/types/rfcdate.ts
  - tsconfig.json
  - src/models/createapikeyop.ts
  - src/models/apikeydetails.ts
  - src/models/errormessage.ts
  - src/models/errorvalidation.ts
  - src/models/errorvalidationitem.ts
  - src/models/createapikey.ts
  - src/models/deleteapikeyop.ts
  - src/models/getprofileop.ts
  - src/models/profile.ts
  - src/models/getprofilesyncsettingsop.ts
  - src/models/syncsettings.ts
  - src/models/syncsetting.ts
  - src/models/datatype.ts
  - src/models/listapikeysop.ts
  - src/models/apikeys.ts
  - src/models/updateprofileop.ts
  - src/models/updateprofilesyncsettingsop.ts
  - src/models/createcompanyop.ts
  - src/models/company.ts
  - src/models/groupref.ts
  - src/models/connection.ts
  - src/models/dataconnectionstatus.ts
  - src/models/sourcetype.ts
  - src/models/dataconnectionerror.ts
  - src/models/companyrequestbody.ts
  - src/models/deletecompanyop.ts
  - src/models/getcompanyop.ts
  - src/models/listcompaniesop.ts
  - src/models/companies.ts
  - src/models/links.ts
  - src/models/halref.ts
  - src/models/updatecompanyop.ts
  - src/models/getconnectionmanagementaccesstokenop.ts
  - src/models/connectionmanagementaccesstoken.ts
  - src/models/getconnectionmanagementcorssettingsop.ts
  - src/models/connectionmanagementallowedorigins.ts
  - src/models/setconnectionmanagementcorssettingsop.ts
  - src/models/createconnectionop.ts
  - src/models/deleteconnectionop.ts
  - src/models/getconnectionop.ts
  - src/models/listconnectionsop.ts
  - src/models/connections.ts
  - src/models/unlinkconnectionop.ts
  - src/models/updateconnectionstatus.ts
  - src/models/updateconnectionauthorizationop.ts
  - src/models/configurecustomdatatypeop.ts
  - src/models/customdatatypeconfiguration.ts
  - src/models/getcustomdatatypeconfigurationop.ts
  - src/models/customdatatyperecords.ts
  - src/models/customdatatyperecord.ts
  - src/models/listcustomdatatyperecordsop.ts
  - src/models/refreshcustomdatatypeop.ts
  - src/models/pulloperation.ts
  - src/models/getcreateupdatemodeloptionsbydatatypeop.ts
  - src/models/pushoption.ts
  - src/models/pushvalidationinfo.ts
  - src/models/pushfieldvalidation.ts
  - src/models/pushoptiontype.ts
  - src/models/pushoptionproperty.ts
  - src/models/pushoptionchoice.ts
  - src/models/schemadatatype.ts
  - src/models/getpushoperationop.ts
  - src/models/pushoperation.ts
  - src/models/validation.ts
  - src/models/validationitem.ts
  - src/models/pushoperationstatus.ts
  - src/models/pushoperationchange.ts
  - src/models/pushchangetype.ts
  - src/models/pushoperationref.ts
  - src/models/getcompanypushhistoryop.ts
  - src/models/pushoperations.ts
  - src/models/refreshcompanydataop.ts
  - src/models/refreshdatatypeop.ts
  - src/models/getcompanydatastatusop.ts
  - src/models/datastatuses.ts
  - src/models/datastatus.ts
  - src/models/status.ts
  - src/models/getpulloperationop.ts
  - src/models/listpulloperationsop.ts
  - src/models/pulloperations.ts
  - src/models/addcompanytogroupop.ts
  - src/models/companygroupassignment.ts
  - src/models/creategroupop.ts
  - src/models/group.ts
  - src/models/groupprototype.ts
  - src/models/listgroupsop.ts
  - src/models/groups.ts
  - src/models/removecompanyfromgroupop.ts
  - src/models/getintegrationop.ts
  - src/models/integration.ts
  - src/models/datatypefeature.ts
  - src/models/supportedfeature.ts
  - src/models/featuretype.ts
  - src/models/featurestate.ts
  - src/models/getintegrationsbrandingop.ts
  - src/models/branding.ts
  - src/models/brandinglogo.ts
  - src/models/brandingimage.ts
  - src/models/imagereference.ts
  - src/models/brandingbutton.ts
  - src/models/listintegrationsop.ts
  - src/models/integrations.ts
  - src/models/configuresupplementaldataop.ts
  - src/models/supplementaldataconfiguration.ts
  - src/models/getsupplementaldataconfigurationop.ts
  - src/models/createruleop.ts
  - src/models/webhook.ts
  - src/models/webhooknotifier.ts
  - src/models/createrule.ts
  - src/models/createwebhookconsumerop.ts
  - src/models/webhookconsumer.ts
  - src/models/webhookconsumerprototype.ts
  - src/models/deletewebhookconsumerop.ts
  - src/models/getwebhookop.ts
  - src/models/listrulesop.ts
  - src/models/webhooks.ts
  - src/models/listwebhookconsumersop.ts
  - src/models/webhookconsumers.ts
  - src/models/security.ts
  - src/models/clientratelimitreachedwebhook.ts
  - src/models/clientratelimitreachedwebhookdata.ts
  - src/models/clientratelimitresetwebhook.ts
  - src/models/clientratelimitresetwebhookdata.ts
  - src/models/connectionstatuschangedwebhook.ts
  - src/models/connectionstatuschangedwebhookdata.ts
  - src/models/datasynccompletedwebhook.ts
  - src/models/datasynccompletedwebhookdata.ts
  - src/models/datasetdatachangedwebhook.ts
  - src/models/datasetstatuschangederrorwebhook.ts
  - src/models/datasetstatuschangederrorwebhookdata.ts
  - src/models/newcompanysynchronizedwebhook.ts
  - src/models/newcompanysynchronizedwebhookdata.ts
  - src/models/pushoperationtimedoutwebhook.ts
  - src/models/pushoperationtimedoutwebhookdata.ts
  - src/models/pushoperationstatuschangedwebhook.ts
  - src/models/pushoperationstatuschangedwebhookdata.ts
  - src/models/index.ts
  - docs/models/createapikeyresponse.md
  - docs/models/apikeydetails.md
  - docs/models/errormessage.md
  - docs/models/errorvalidation.md
  - docs/models/errorvalidationitem.md
  - docs/models/createapikey.md
  - docs/models/deleteapikeyrequest.md
  - docs/models/getprofileresponse.md
  - docs/models/profile.md
  - docs/models/getprofilesyncsettingsresponse.md
  - docs/models/syncsettings.md
  - docs/models/syncsetting.md
  - docs/models/datatype.md
  - docs/models/listapikeysresponse.md
  - docs/models/apikeys.md
  - docs/models/updateprofileresponse.md
  - docs/models/updateprofilesyncsettingsrequestbody.md
  - docs/models/createcompanyresponse.md
  - docs/models/company.md
  - docs/models/groupref.md
  - docs/models/connection.md
  - docs/models/dataconnectionstatus.md
  - docs/models/sourcetype.md
  - docs/models/errorstatus.md
  - docs/models/dataconnectionerror.md
  - docs/models/companyrequestbody.md
  - docs/models/deletecompanyrequest.md
  - docs/models/getcompanyrequest.md
  - docs/models/getcompanyresponse.md
  - docs/models/listcompaniesrequest.md
  - docs/models/listcompaniesresponse.md
  - docs/models/companies.md
  - docs/models/links.md
  - docs/models/halref.md
  - docs/models/updatecompanyrequest.md
  - docs/models/updatecompanyresponse.md
  - docs/models/getconnectionmanagementaccesstokenrequest.md
  - docs/models/getconnectionmanagementaccesstokenresponse.md
  - docs/models/connectionmanagementaccesstoken.md
  - docs/models/getconnectionmanagementcorssettingsresponse.md
  - docs/models/connectionmanagementallowedorigins.md
  - docs/models/setconnectionmanagementcorssettingsresponse.md
  - docs/models/createconnectionrequestbody.md
  - docs/models/createconnectionrequest.md
  - docs/models/createconnectionresponse.md
  - docs/models/deleteconnectionrequest.md
  - docs/models/getconnectionrequest.md
  - docs/models/getconnectionresponse.md
  - docs/models/listconnectionsrequest.md
  - docs/models/listconnectionsresponse.md
  - docs/models/connections.md
  - docs/models/unlinkconnectionrequest.md
  - docs/models/unlinkconnectionresponse.md
  - docs/models/updateconnectionstatus.md
  - docs/models/updateconnectionauthorizationrequest.md
  - docs/models/updateconnectionauthorizationresponse.md
  - docs/models/configurecustomdatatyperequest.md
  - docs/models/configurecustomdatatyperesponse.md
  - docs/models/customdatatypeconfiguration.md
  - docs/models/getcustomdatatypeconfigurationrequest.md
  - docs/models/getcustomdatatypeconfigurationresponse.md
  - docs/models/customdatatyperecords.md
  - docs/models/content.md
  - docs/models/modifieddate.md
  - docs/models/customdatatyperecord.md
  - docs/models/listcustomdatatyperecordsrequest.md
  - docs/models/listcustomdatatyperecordsresponse.md
  - docs/models/refreshcustomdatatyperequest.md
  - docs/models/refreshcustomdatatyperesponse.md
  - docs/models/datasetstatus.md
  - docs/models/pulloperation.md
  - docs/models/getcreateupdatemodeloptionsbydatatyperequest.md
  - docs/models/getcreateupdatemodeloptionsbydatatyperesponse.md
  - docs/models/pushoption.md
  - docs/models/pushvalidationinfo.md
  - docs/models/pushfieldvalidation.md
  - docs/models/pushoptiontype.md
  - docs/models/pushoptionproperty.md
  - docs/models/pushoptionchoice.md
  - docs/models/schemadatatype.md
  - docs/models/getpushoperationrequest.md
  - docs/models/getpushoperationresponse.md
  - docs/models/pushoperation.md
  - docs/models/validation.md
  - docs/models/validationitem.md
  - docs/models/pushoperationstatus.md
  - docs/models/pushoperationchange.md
  - docs/models/pushchangetype.md
  - docs/models/pushoperationref.md
  - docs/models/getcompanypushhistoryrequest.md
  - docs/models/getcompanypushhistoryresponse.md
  - docs/models/pushoperations.md
  - docs/models/refreshcompanydatarequest.md
  - docs/models/refreshdatatyperequest.md
  - docs/models/refreshdatatyperesponse.md
  - docs/models/getcompanydatastatusrequest.md
  - docs/models/getcompanydatastatusresponse.md
  - docs/models/datastatuses.md
  - docs/models/datatypes.md
  - docs/models/datastatus.md
  - docs/models/status.md
  - docs/models/getpulloperationrequest.md
  - docs/models/getpulloperationresponse.md
  - docs/models/listpulloperationsrequest.md
  - docs/models/listpulloperationsresponse.md
  - docs/models/pulloperations.md
  - docs/models/addcompanytogrouprequest.md
  - docs/models/addcompanytogroupresponse.md
  - docs/models/companygroupassignment.md
  - docs/models/creategroupresponse.md
  - docs/models/group.md
  - docs/models/groupprototype.md
  - docs/models/listgroupsresponse.md
  - docs/models/groups.md
  - docs/models/removecompanyfromgrouprequest.md
  - docs/models/getintegrationrequest.md
  - docs/models/getintegrationresponse.md
  - docs/models/integration.md
  - docs/models/datatypefeature.md
  - docs/models/supportedfeature.md
  - docs/models/featuretype.md
  - docs/models/featurestate.md
  - docs/models/getintegrationsbrandingrequest.md
  - docs/models/getintegrationsbrandingresponse.md
  - docs/models/branding.md
  - docs/models/brandinglogo.md
  - docs/models/brandingimage.md
  - docs/models/imagereference.md
  - docs/models/brandingbutton.md
  - docs/models/listintegrationsrequest.md
  - docs/models/listintegrationsresponse.md
  - docs/models/integrations.md
  - docs/models/configuresupplementaldatapathparamdatatype.md
  - docs/models/configuresupplementaldatarequest.md
  - docs/models/supplementaldatasourceconfiguration.md
  - docs/models/supplementaldataconfiguration.md
  - docs/models/pathparamdatatype.md
  - docs/models/getsupplementaldataconfigurationrequest.md
  - docs/models/getsupplementaldataconfigurationresponse.md
  - docs/models/createruleresponse.md
  - docs/models/webhook.md
  - docs/models/webhooknotifier.md
  - docs/models/createrule.md
  - docs/models/createwebhookconsumerresponse.md
  - docs/models/webhookconsumer.md
  - docs/models/webhookconsumerprototype.md
  - docs/models/deletewebhookconsumerrequest.md
  - docs/models/getwebhookrequest.md
  - docs/models/getwebhookresponse.md
  - docs/models/listrulesrequest.md
  - docs/models/listrulesresponse.md
  - docs/models/webhooks.md
  - docs/models/listwebhookconsumersresponse.md
  - docs/models/webhookconsumers.md
  - docs/models/security.md
  - docs/models/clientratelimitreachedwebhook.md
  - docs/models/clientratelimitreachedwebhookdata.md
  - docs/models/clientratelimitresetwebhook.md
  - docs/models/clientratelimitresetwebhookdata.md
  - docs/models/connectionstatuschangedwebhook.md
  - docs/models/connectionstatuschangedwebhookdata.md
  - docs/models/datasynccompletedwebhook.md
  - docs/models/datasynccompletedwebhookdata.md
  - docs/models/datasetdatachangedwebhookdata.md
  - docs/models/datasetdatachangedwebhook.md
  - docs/models/datasetstatuschangederrorwebhook.md
  - docs/models/datasetstatuschangederrorwebhookdata.md
  - docs/models/newcompanysynchronizedwebhook.md
  - docs/models/newcompanysynchronizedwebhookdata.md
  - docs/models/pushoperationtimedoutwebhook.md
  - docs/models/pushoperationtimedoutwebhookdata.md
  - docs/models/pushoperationstatuschangedwebhook.md
  - docs/models/pushoperationstatuschangedwebhookdata.md
  - docs/sdks/codatplatform/README.md
  - docs/lib/utils/retryconfig.md
  - docs/sdks/settings/README.md
  - docs/sdks/companiessdk/README.md
  - docs/sdks/connectionmanagement/README.md
  - docs/sdks/corssettings/README.md
  - docs/sdks/connectionssdk/README.md
  - docs/sdks/customdatatype/README.md
  - docs/sdks/pushdata/README.md
  - docs/sdks/refreshdata/README.md
  - docs/sdks/groupssdk/README.md
  - docs/sdks/integrationssdk/README.md
  - docs/sdks/supplementaldata/README.md
  - docs/sdks/webhookssdk/README.md
  - USAGE.md
  - .gitattributes
  - src/hooks/hooks.ts
  - src/hooks/types.ts
  - src/hooks/index.ts
