lockVersion: 2.0.0
id: 6a970e30-8d0a-42f0-a8ce-621dfe880a1d
management:
  docChecksum: 91b86a7707fc536ccbdc7b7345d775a0
  docVersion: 3.0.0
  speakeasyVersion: 1.274.1
  generationVersion: 2.314.0
  releaseVersion: 2.5.0
  configChecksum: c4a672dcbfe52dae902773d203aac4e1
  repoURL: https://github.com/codatio/client-sdk-typescript.git
  repoSubDirectory: platform
  installationURL: https://gitpkg.now.sh/codatio/client-sdk-typescript/platform
  published: true
features:
  typescript:
    core: 3.4.8
    deprecations: 2.81.1
    examples: 2.81.3
    globalSecurity: 2.82.5
    globalServerURLs: 2.82.2
    groups: 2.81.2
    ignores: 2.81.1
    inputOutputModels: 2.83.0
    nameOverrides: 2.81.2
    retries: 2.82.1
    webhooks: 1.0.0
generatedFiles:
  - src/sdk/settings.ts
  - src/sdk/companies.ts
  - src/sdk/corssettings.ts
  - src/sdk/connectionmanagement.ts
  - src/sdk/connections.ts
  - src/sdk/customdatatype.ts
  - src/sdk/pushdata.ts
  - src/sdk/refreshdata.ts
  - src/sdk/groups.ts
  - src/sdk/integrations.ts
  - src/sdk/supplementaldata.ts
  - src/sdk/webhooks.ts
  - src/sdk/sdk.ts
  - .eslintrc.yml
  - jest.config.js
  - package-lock.json
  - package.json
  - src/index.ts
  - src/internal/utils/contenttype.ts
  - src/internal/utils/headers.ts
  - src/internal/utils/index.ts
  - src/internal/utils/pathparams.ts
  - src/internal/utils/queryparams.ts
  - src/internal/utils/requestbody.ts
  - src/internal/utils/retries.ts
  - src/internal/utils/security.ts
  - src/internal/utils/utils.ts
  - src/sdk/index.ts
  - src/sdk/models/errors/sdkerror.ts
  - src/sdk/types/index.ts
  - src/sdk/types/rfcdate.ts
  - tsconfig.json
  - src/sdk/models/operations/createapikey.ts
  - src/sdk/models/operations/deleteapikey.ts
  - src/sdk/models/operations/getprofile.ts
  - src/sdk/models/operations/getprofilesyncsettings.ts
  - src/sdk/models/operations/listapikeys.ts
  - src/sdk/models/operations/updateprofile.ts
  - src/sdk/models/operations/updateprofilesyncsettings.ts
  - src/sdk/models/operations/createcompany.ts
  - src/sdk/models/operations/deletecompany.ts
  - src/sdk/models/operations/getcompany.ts
  - src/sdk/models/operations/listcompanies.ts
  - src/sdk/models/operations/updatecompany.ts
  - src/sdk/models/operations/getconnectionmanagementaccesstoken.ts
  - src/sdk/models/operations/getconnectionmanagementcorssettings.ts
  - src/sdk/models/operations/setconnectionmanagementcorssettings.ts
  - src/sdk/models/operations/createconnection.ts
  - src/sdk/models/operations/deleteconnection.ts
  - src/sdk/models/operations/getconnection.ts
  - src/sdk/models/operations/listconnections.ts
  - src/sdk/models/operations/unlinkconnection.ts
  - src/sdk/models/operations/updateconnectionauthorization.ts
  - src/sdk/models/operations/configurecustomdatatype.ts
  - src/sdk/models/operations/getcustomdatatypeconfiguration.ts
  - src/sdk/models/operations/listcustomdatatyperecords.ts
  - src/sdk/models/operations/refreshcustomdatatype.ts
  - src/sdk/models/operations/getcreateupdatemodeloptionsbydatatype.ts
  - src/sdk/models/operations/getpushoperation.ts
  - src/sdk/models/operations/getcompanypushhistory.ts
  - src/sdk/models/operations/refreshcompanydata.ts
  - src/sdk/models/operations/refreshdatatype.ts
  - src/sdk/models/operations/getcompanydatastatus.ts
  - src/sdk/models/operations/getpulloperation.ts
  - src/sdk/models/operations/listpulloperations.ts
  - src/sdk/models/operations/addcompanytogroup.ts
  - src/sdk/models/operations/creategroup.ts
  - src/sdk/models/operations/listgroups.ts
  - src/sdk/models/operations/removecompanyfromgroup.ts
  - src/sdk/models/operations/getintegration.ts
  - src/sdk/models/operations/getintegrationsbranding.ts
  - src/sdk/models/operations/listintegrations.ts
  - src/sdk/models/operations/configuresupplementaldata.ts
  - src/sdk/models/operations/getsupplementaldataconfiguration.ts
  - src/sdk/models/operations/createrule.ts
  - src/sdk/models/operations/createwebhookconsumer.ts
  - src/sdk/models/operations/deletewebhookconsumer.ts
  - src/sdk/models/operations/getwebhook.ts
  - src/sdk/models/operations/listrules.ts
  - src/sdk/models/operations/listwebhookconsumers.ts
  - src/sdk/models/shared/errormessage.ts
  - src/sdk/models/shared/errorvalidation.ts
  - src/sdk/models/shared/errorvalidationitem.ts
  - src/sdk/models/shared/apikeydetails.ts
  - src/sdk/models/shared/createapikey.ts
  - src/sdk/models/shared/profile.ts
  - src/sdk/models/shared/syncsettings.ts
  - src/sdk/models/shared/syncsetting.ts
  - src/sdk/models/shared/datatype.ts
  - src/sdk/models/shared/apikeys.ts
  - src/sdk/models/shared/company.ts
  - src/sdk/models/shared/groupref.ts
  - src/sdk/models/shared/connection.ts
  - src/sdk/models/shared/dataconnectionstatus.ts
  - src/sdk/models/shared/sourcetype.ts
  - src/sdk/models/shared/dataconnectionerror.ts
  - src/sdk/models/shared/companyrequestbody.ts
  - src/sdk/models/shared/companies.ts
  - src/sdk/models/shared/links.ts
  - src/sdk/models/shared/halref.ts
  - src/sdk/models/shared/connectionmanagementaccesstoken.ts
  - src/sdk/models/shared/connectionmanagementallowedorigins.ts
  - src/sdk/models/shared/connections.ts
  - src/sdk/models/shared/updateconnectionstatus.ts
  - src/sdk/models/shared/customdatatypeconfiguration.ts
  - src/sdk/models/shared/customdatatyperecords.ts
  - src/sdk/models/shared/customdatatyperecord.ts
  - src/sdk/models/shared/pulloperation.ts
  - src/sdk/models/shared/pushoption.ts
  - src/sdk/models/shared/pushvalidationinfo.ts
  - src/sdk/models/shared/pushfieldvalidation.ts
  - src/sdk/models/shared/pushoptiontype.ts
  - src/sdk/models/shared/pushoptionproperty.ts
  - src/sdk/models/shared/pushoptionchoice.ts
  - src/sdk/models/shared/schemadatatype.ts
  - src/sdk/models/shared/pushoperation.ts
  - src/sdk/models/shared/validation.ts
  - src/sdk/models/shared/validationitem.ts
  - src/sdk/models/shared/pushoperationstatus.ts
  - src/sdk/models/shared/pushoperationchange.ts
  - src/sdk/models/shared/pushchangetype.ts
  - src/sdk/models/shared/pushoperationref.ts
  - src/sdk/models/shared/pushoperations.ts
  - src/sdk/models/shared/datastatuses.ts
  - src/sdk/models/shared/datastatus.ts
  - src/sdk/models/shared/status.ts
  - src/sdk/models/shared/pulloperations.ts
  - src/sdk/models/shared/companygroupassignment.ts
  - src/sdk/models/shared/group.ts
  - src/sdk/models/shared/groupprototype.ts
  - src/sdk/models/shared/groups.ts
  - src/sdk/models/shared/integration.ts
  - src/sdk/models/shared/datatypefeature.ts
  - src/sdk/models/shared/supportedfeature.ts
  - src/sdk/models/shared/featuretype.ts
  - src/sdk/models/shared/featurestate.ts
  - src/sdk/models/shared/branding.ts
  - src/sdk/models/shared/brandinglogo.ts
  - src/sdk/models/shared/brandingimage.ts
  - src/sdk/models/shared/imagereference.ts
  - src/sdk/models/shared/brandingbutton.ts
  - src/sdk/models/shared/integrations.ts
  - src/sdk/models/shared/supplementaldataconfiguration.ts
  - src/sdk/models/shared/webhook.ts
  - src/sdk/models/shared/webhooknotifier.ts
  - src/sdk/models/shared/createrule.ts
  - src/sdk/models/shared/webhookconsumer.ts
  - src/sdk/models/shared/webhookconsumerprototype.ts
  - src/sdk/models/shared/webhooks.ts
  - src/sdk/models/shared/webhookconsumers.ts
  - src/sdk/models/shared/security.ts
  - src/sdk/models/shared/clientratelimitreachedwebhook.ts
  - src/sdk/models/shared/clientratelimitreachedwebhookdata.ts
  - src/sdk/models/shared/clientratelimitresetwebhook.ts
  - src/sdk/models/shared/clientratelimitresetwebhookdata.ts
  - src/sdk/models/shared/connectionstatuschangedwebhook.ts
  - src/sdk/models/shared/connectionstatuschangedwebhookdata.ts
  - src/sdk/models/shared/datasynccompletedwebhook.ts
  - src/sdk/models/shared/datasynccompletedwebhookdata.ts
  - src/sdk/models/shared/datasetdatachangedwebhook.ts
  - src/sdk/models/shared/datasetstatuschangederrorwebhook.ts
  - src/sdk/models/shared/datasetstatuschangederrorwebhookdata.ts
  - src/sdk/models/shared/newcompanysynchronizedwebhook.ts
  - src/sdk/models/shared/newcompanysynchronizedwebhookdata.ts
  - src/sdk/models/shared/pushoperationtimedoutwebhook.ts
  - src/sdk/models/shared/pushoperationtimedoutwebhookdata.ts
  - src/sdk/models/shared/pushoperationstatuschangedwebhook.ts
  - src/sdk/models/shared/pushoperationstatuschangedwebhookdata.ts
  - src/sdk/models/webhooks/clientratelimitreached.ts
  - src/sdk/models/webhooks/clientratelimitreset.ts
  - src/sdk/models/webhooks/companydataconnectionstatuschanged.ts
  - src/sdk/models/webhooks/datasynccompleted.ts
  - src/sdk/models/webhooks/datasetdatachanged.ts
  - src/sdk/models/webhooks/datasetstatushaschangedtoanerrorstate.ts
  - src/sdk/models/webhooks/newcompanysynchronized.ts
  - src/sdk/models/webhooks/pushoperationhastimedout.ts
  - src/sdk/models/webhooks/pushoperationstatushaschanged.ts
  - src/sdk/models/errors/index.ts
  - src/sdk/models/operations/index.ts
  - src/sdk/models/shared/index.ts
  - src/sdk/models/webhooks/index.ts
  - docs/sdk/models/operations/createapikeyresponse.md
  - docs/sdk/models/operations/deleteapikeyrequest.md
  - docs/sdk/models/operations/deleteapikeyresponse.md
  - docs/sdk/models/operations/getprofileresponse.md
  - docs/sdk/models/operations/getprofilesyncsettingsresponse.md
  - docs/sdk/models/operations/listapikeysresponse.md
  - docs/sdk/models/operations/updateprofileresponse.md
  - docs/sdk/models/operations/updateprofilesyncsettingsrequestbody.md
  - docs/sdk/models/operations/updateprofilesyncsettingsresponse.md
  - docs/sdk/models/operations/createcompanyresponse.md
  - docs/sdk/models/operations/deletecompanyrequest.md
  - docs/sdk/models/operations/deletecompanyresponse.md
  - docs/sdk/models/operations/getcompanyrequest.md
  - docs/sdk/models/operations/getcompanyresponse.md
  - docs/sdk/models/operations/listcompaniesrequest.md
  - docs/sdk/models/operations/listcompaniesresponse.md
  - docs/sdk/models/operations/updatecompanyrequest.md
  - docs/sdk/models/operations/updatecompanyresponse.md
  - docs/sdk/models/operations/getconnectionmanagementaccesstokenrequest.md
  - docs/sdk/models/operations/getconnectionmanagementaccesstokenresponse.md
  - docs/sdk/models/operations/getconnectionmanagementcorssettingsresponse.md
  - docs/sdk/models/operations/setconnectionmanagementcorssettingsresponse.md
  - docs/sdk/models/operations/createconnectionrequestbody.md
  - docs/sdk/models/operations/createconnectionrequest.md
  - docs/sdk/models/operations/createconnectionresponse.md
  - docs/sdk/models/operations/deleteconnectionrequest.md
  - docs/sdk/models/operations/deleteconnectionresponse.md
  - docs/sdk/models/operations/getconnectionrequest.md
  - docs/sdk/models/operations/getconnectionresponse.md
  - docs/sdk/models/operations/listconnectionsrequest.md
  - docs/sdk/models/operations/listconnectionsresponse.md
  - docs/sdk/models/operations/unlinkconnectionrequest.md
  - docs/sdk/models/operations/unlinkconnectionresponse.md
  - docs/sdk/models/operations/updateconnectionauthorizationrequest.md
  - docs/sdk/models/operations/updateconnectionauthorizationresponse.md
  - docs/sdk/models/operations/configurecustomdatatyperequest.md
  - docs/sdk/models/operations/configurecustomdatatyperesponse.md
  - docs/sdk/models/operations/getcustomdatatypeconfigurationrequest.md
  - docs/sdk/models/operations/getcustomdatatypeconfigurationresponse.md
  - docs/sdk/models/operations/listcustomdatatyperecordsrequest.md
  - docs/sdk/models/operations/listcustomdatatyperecordsresponse.md
  - docs/sdk/models/operations/refreshcustomdatatyperequest.md
  - docs/sdk/models/operations/refreshcustomdatatyperesponse.md
  - docs/sdk/models/operations/getcreateupdatemodeloptionsbydatatyperequest.md
  - docs/sdk/models/operations/getcreateupdatemodeloptionsbydatatyperesponse.md
  - docs/sdk/models/operations/getpushoperationrequest.md
  - docs/sdk/models/operations/getpushoperationresponse.md
  - docs/sdk/models/operations/getcompanypushhistoryrequest.md
  - docs/sdk/models/operations/getcompanypushhistoryresponse.md
  - docs/sdk/models/operations/refreshcompanydatarequest.md
  - docs/sdk/models/operations/refreshcompanydataresponse.md
  - docs/sdk/models/operations/refreshdatatyperequest.md
  - docs/sdk/models/operations/refreshdatatyperesponse.md
  - docs/sdk/models/operations/getcompanydatastatusrequest.md
  - docs/sdk/models/operations/getcompanydatastatusresponse.md
  - docs/sdk/models/operations/getpulloperationrequest.md
  - docs/sdk/models/operations/getpulloperationresponse.md
  - docs/sdk/models/operations/listpulloperationsrequest.md
  - docs/sdk/models/operations/listpulloperationsresponse.md
  - docs/sdk/models/operations/addcompanytogrouprequest.md
  - docs/sdk/models/operations/addcompanytogroupresponse.md
  - docs/sdk/models/operations/creategroupresponse.md
  - docs/sdk/models/operations/listgroupsresponse.md
  - docs/sdk/models/operations/removecompanyfromgrouprequest.md
  - docs/sdk/models/operations/removecompanyfromgroupresponse.md
  - docs/sdk/models/operations/getintegrationrequest.md
  - docs/sdk/models/operations/getintegrationresponse.md
  - docs/sdk/models/operations/getintegrationsbrandingrequest.md
  - docs/sdk/models/operations/getintegrationsbrandingresponse.md
  - docs/sdk/models/operations/listintegrationsrequest.md
  - docs/sdk/models/operations/listintegrationsresponse.md
  - docs/sdk/models/operations/datatype.md
  - docs/sdk/models/operations/configuresupplementaldatarequest.md
  - docs/sdk/models/operations/configuresupplementaldataresponse.md
  - docs/sdk/models/operations/pathparamdatatype.md
  - docs/sdk/models/operations/getsupplementaldataconfigurationrequest.md
  - docs/sdk/models/operations/getsupplementaldataconfigurationresponse.md
  - docs/sdk/models/operations/createruleresponse.md
  - docs/sdk/models/operations/createwebhookconsumerresponse.md
  - docs/sdk/models/operations/deletewebhookconsumerrequest.md
  - docs/sdk/models/operations/deletewebhookconsumerresponse.md
  - docs/sdk/models/operations/getwebhookrequest.md
  - docs/sdk/models/operations/getwebhookresponse.md
  - docs/sdk/models/operations/listrulesrequest.md
  - docs/sdk/models/operations/listrulesresponse.md
  - docs/sdk/models/operations/listwebhookconsumersresponse.md
  - docs/sdk/models/shared/errormessage.md
  - docs/sdk/models/shared/errorvalidation.md
  - docs/sdk/models/shared/errorvalidationitem.md
  - docs/sdk/models/shared/apikeydetails.md
  - docs/sdk/models/shared/createapikey.md
  - docs/sdk/models/shared/profile.md
  - docs/sdk/models/shared/syncsettings.md
  - docs/sdk/models/shared/syncsetting.md
  - docs/sdk/models/shared/datatype.md
  - docs/sdk/models/shared/apikeys.md
  - docs/sdk/models/shared/company.md
  - docs/sdk/models/shared/groupref.md
  - docs/sdk/models/shared/connection.md
  - docs/sdk/models/shared/dataconnectionstatus.md
  - docs/sdk/models/shared/sourcetype.md
  - docs/sdk/models/shared/dataconnectionerror.md
  - docs/sdk/models/shared/companyrequestbody.md
  - docs/sdk/models/shared/companies.md
  - docs/sdk/models/shared/links.md
  - docs/sdk/models/shared/halref.md
  - docs/sdk/models/shared/connectionmanagementaccesstoken.md
  - docs/sdk/models/shared/connectionmanagementallowedorigins.md
  - docs/sdk/models/shared/connections.md
  - docs/sdk/models/shared/updateconnectionstatus.md
  - docs/sdk/models/shared/customdatatypeconfiguration.md
  - docs/sdk/models/shared/customdatatyperecords.md
  - docs/sdk/models/shared/content.md
  - docs/sdk/models/shared/modifieddate.md
  - docs/sdk/models/shared/customdatatyperecord.md
  - docs/sdk/models/shared/datasetstatus.md
  - docs/sdk/models/shared/pulloperation.md
  - docs/sdk/models/shared/pushoption.md
  - docs/sdk/models/shared/pushvalidationinfo.md
  - docs/sdk/models/shared/pushfieldvalidation.md
  - docs/sdk/models/shared/pushoptiontype.md
  - docs/sdk/models/shared/pushoptionproperty.md
  - docs/sdk/models/shared/pushoptionchoice.md
  - docs/sdk/models/shared/schemadatatype.md
  - docs/sdk/models/shared/pushoperation.md
  - docs/sdk/models/shared/validation.md
  - docs/sdk/models/shared/validationitem.md
  - docs/sdk/models/shared/pushoperationstatus.md
  - docs/sdk/models/shared/pushoperationchange.md
  - docs/sdk/models/shared/pushchangetype.md
  - docs/sdk/models/shared/pushoperationref.md
  - docs/sdk/models/shared/pushoperations.md
  - docs/sdk/models/shared/datastatuses.md
  - docs/sdk/models/shared/datatypes.md
  - docs/sdk/models/shared/datastatus.md
  - docs/sdk/models/shared/status.md
  - docs/sdk/models/shared/pulloperations.md
  - docs/sdk/models/shared/companygroupassignment.md
  - docs/sdk/models/shared/group.md
  - docs/sdk/models/shared/groupprototype.md
  - docs/sdk/models/shared/groups.md
  - docs/sdk/models/shared/integration.md
  - docs/sdk/models/shared/datatypefeature.md
  - docs/sdk/models/shared/supportedfeature.md
  - docs/sdk/models/shared/featuretype.md
  - docs/sdk/models/shared/featurestate.md
  - docs/sdk/models/shared/branding.md
  - docs/sdk/models/shared/brandinglogo.md
  - docs/sdk/models/shared/brandingimage.md
  - docs/sdk/models/shared/imagereference.md
  - docs/sdk/models/shared/brandingbutton.md
  - docs/sdk/models/shared/integrations.md
  - docs/sdk/models/shared/supplementaldatasourceconfiguration.md
  - docs/sdk/models/shared/supplementaldataconfiguration.md
  - docs/sdk/models/shared/webhook.md
  - docs/sdk/models/shared/webhooknotifier.md
  - docs/sdk/models/shared/createrule.md
  - docs/sdk/models/shared/webhookconsumer.md
  - docs/sdk/models/shared/webhookconsumerprototype.md
  - docs/sdk/models/shared/webhooks.md
  - docs/sdk/models/shared/webhookconsumers.md
  - docs/sdk/models/shared/security.md
  - docs/sdk/models/shared/clientratelimitreachedwebhook.md
  - docs/sdk/models/shared/clientratelimitreachedwebhookdata.md
  - docs/sdk/models/shared/clientratelimitresetwebhook.md
  - docs/sdk/models/shared/clientratelimitresetwebhookdata.md
  - docs/sdk/models/shared/connectionstatuschangedwebhook.md
  - docs/sdk/models/shared/connectionstatuschangedwebhookdata.md
  - docs/sdk/models/shared/datasynccompletedwebhook.md
  - docs/sdk/models/shared/datasynccompletedwebhookdata.md
  - docs/sdk/models/shared/datasetdatachangedwebhookdata.md
  - docs/sdk/models/shared/datasetdatachangedwebhook.md
  - docs/sdk/models/shared/datasetstatuschangederrorwebhook.md
  - docs/sdk/models/shared/datasetstatuschangederrorwebhookdata.md
  - docs/sdk/models/shared/newcompanysynchronizedwebhook.md
  - docs/sdk/models/shared/newcompanysynchronizedwebhookdata.md
  - docs/sdk/models/shared/pushoperationtimedoutwebhook.md
  - docs/sdk/models/shared/pushoperationtimedoutwebhookdata.md
  - docs/sdk/models/shared/pushoperationstatuschangedwebhook.md
  - docs/sdk/models/shared/pushoperationstatuschangedwebhookdata.md
  - docs/sdk/models/webhooks/clientratelimitreachedresponse.md
  - docs/sdk/models/webhooks/clientratelimitresetresponse.md
  - docs/sdk/models/webhooks/companydataconnectionstatuschangedresponse.md
  - docs/sdk/models/webhooks/datasynccompletedresponse.md
  - docs/sdk/models/webhooks/datasetdatachangedresponse.md
  - docs/sdk/models/webhooks/datasetstatushaschangedtoanerrorstateresponse.md
  - docs/sdk/models/webhooks/newcompanysynchronizedresponse.md
  - docs/sdk/models/webhooks/pushoperationhastimedoutresponse.md
  - docs/sdk/models/webhooks/pushoperationstatushaschangedresponse.md
  - docs/sdks/codatplatform/README.md
  - docs/internal/utils/retryconfig.md
  - docs/sdks/settings/README.md
  - docs/sdks/companies/README.md
  - docs/sdks/connectionmanagement/README.md
  - docs/sdks/corssettings/README.md
  - docs/sdks/connections/README.md
  - docs/sdks/customdatatype/README.md
  - docs/sdks/pushdata/README.md
  - docs/sdks/refreshdata/README.md
  - docs/sdks/groups/README.md
  - docs/sdks/integrations/README.md
  - docs/sdks/supplementaldata/README.md
  - docs/sdks/webhooks/README.md
  - USAGE.md
  - .gitattributes
