speakeasyVersion: 1.468.0
sources:
    bank-feeds-source:
        sourceNamespace: bank-feeds-source
        sourceRevisionDigest: sha256:cbc4eb9dabc8c45452862cd7e2686bf1c0870becfd6ffe103aa796e48a7f1efd
        sourceBlobDigest: sha256:d8080d68edd35d878fad42ac6b343ac5c287f2cab63280c281a2adad5ddd117a
        tags:
            - latest
            - speakeasy-sdk-regen-1734365164
            - 3.0.0
    lending-source:
        sourceNamespace: lending-source
        sourceRevisionDigest: sha256:7d05cd24972535fa53d01b1d986bbabb603d66ecd7eed0ab05ab9b0770e247db
        sourceBlobDigest: sha256:3a814cec7e8eefb0c14c6ec5490201b6fb3c0355e1f030be7e554f833dcf11ff
        tags:
            - latest
            - speakeasy-sdk-regen-1736530513
            - 3.0.0
    platform-source:
        sourceNamespace: platform-source
        sourceRevisionDigest: sha256:18fc11096df2f9a8121b2d6965ec6ff62d3af50558804b2458a3bba396560ea9
        sourceBlobDigest: sha256:d80a27e44fffb9c61f16a99e7d25c294f39be1a5a761d51a87c76477f8589f54
        tags:
            - latest
            - speakeasy-sdk-regen-1732624878
            - 3.0.0
    sync-for-commerce-source:
        sourceNamespace: sync-for-commerce-source
        sourceRevisionDigest: sha256:257187806b1394379f3dbbd53cc8a8b7397356ff8b0ee243e3d6958a48cd91f3
        sourceBlobDigest: sha256:1d1592cd53dae647bff1e58e43cb64f19f9da714cfc6f6198c43659b89b05369
        tags:
            - latest
            - speakeasy-sdk-regen-1732635162
            - "1.1"
    sync-for-expenses-source:
        sourceNamespace: sync-for-expenses-source
        sourceRevisionDigest: sha256:f8ef7ba352bd592880c7f83244de0c14b6474fddaeab684d77f596df550ce3ea
        sourceBlobDigest: sha256:abe56a70fc7e5c5883c7e8a6bef59d69ceb2dc4eddbb3106ae06b6c5acb38408
        tags:
            - latest
            - speakeasy-sdk-regen-1732638392
            - prealpha
    sync-for-payables-source:
        sourceNamespace: sync-for-payables-source
        sourceRevisionDigest: sha256:fcd6b51262ff69e60a7a01c318156d45b3601e2d88b3d755a0aad7fc04268e3f
        sourceBlobDigest: sha256:57b656eed2c5a98f97da8f59e196bb8052ead3cc7c87673cdf5e19c6badbb570
        tags:
            - latest
            - speakeasy-sdk-regen-1732645868
            - 3.0.0
    sync-for-payables-version-1-source:
        sourceNamespace: sync-for-payables-version-1-source
        sourceRevisionDigest: sha256:d91d7da27f07044c21e155a8787ef998eab1eb641136347c1287053f8e8087fb
        sourceBlobDigest: sha256:e1fb1fe0af40cf137b8b320fd75e913c83e54e0a2bb2e80a5af69e0bce409e71
        tags:
            - latest
            - main
    sync-for-payroll-source:
        sourceNamespace: sync-for-payroll-source
        sourceRevisionDigest: sha256:95fbbd9d479c192baabe63b6b95494bf55876fb9007df3657fa51660a8c73431
        sourceBlobDigest: sha256:baa2f5f6f0837b11f0c2dd0adb8f51dff8afe272834ddada31ede54d8f3a7103
        tags:
            - latest
            - main
targets:
    bank-feeds-library:
        source: bank-feeds-source
        sourceNamespace: bank-feeds-source
        sourceRevisionDigest: sha256:cbc4eb9dabc8c45452862cd7e2686bf1c0870becfd6ffe103aa796e48a7f1efd
        sourceBlobDigest: sha256:d8080d68edd35d878fad42ac6b343ac5c287f2cab63280c281a2adad5ddd117a
        codeSamplesNamespace: bank-feeds-source-typescript-code-samples
        codeSamplesRevisionDigest: sha256:0400fc73ae83174bcfa09840185c5736facb444e76ab39131d45dd14ed0f6902
    lending-library:
        source: lending-source
        sourceNamespace: lending-source
        sourceRevisionDigest: sha256:7d05cd24972535fa53d01b1d986bbabb603d66ecd7eed0ab05ab9b0770e247db
        sourceBlobDigest: sha256:3a814cec7e8eefb0c14c6ec5490201b6fb3c0355e1f030be7e554f833dcf11ff
        codeSamplesNamespace: lending-source-typescript-code-samples
        codeSamplesRevisionDigest: sha256:773409ca26d6e9fb770abc5f592e793837eea895ab7ae9509f69b2c40216bc83
    platform-library:
        source: platform-source
        sourceNamespace: platform-source
        sourceRevisionDigest: sha256:18fc11096df2f9a8121b2d6965ec6ff62d3af50558804b2458a3bba396560ea9
        sourceBlobDigest: sha256:d80a27e44fffb9c61f16a99e7d25c294f39be1a5a761d51a87c76477f8589f54
        codeSamplesNamespace: platform-source-code-samples
        codeSamplesRevisionDigest: sha256:ac8834243b3b6d272405cbe8529bb1dec7e9f91efd333e38289f80e48642f2e0
    sync-for-commerce-library:
        source: sync-for-commerce-source
        sourceNamespace: sync-for-commerce-source
        sourceRevisionDigest: sha256:257187806b1394379f3dbbd53cc8a8b7397356ff8b0ee243e3d6958a48cd91f3
        sourceBlobDigest: sha256:1d1592cd53dae647bff1e58e43cb64f19f9da714cfc6f6198c43659b89b05369
        codeSamplesNamespace: sync-for-commerce-source-code-samples
        codeSamplesRevisionDigest: sha256:1021fbad87d5240ea19e961dee7857faf7f2a0154b84ccda1fd6866ac1672261
    sync-for-expenses-library:
        source: sync-for-expenses-source
        sourceNamespace: sync-for-expenses-source
        sourceRevisionDigest: sha256:f8ef7ba352bd592880c7f83244de0c14b6474fddaeab684d77f596df550ce3ea
        sourceBlobDigest: sha256:abe56a70fc7e5c5883c7e8a6bef59d69ceb2dc4eddbb3106ae06b6c5acb38408
        codeSamplesNamespace: sync-for-expenses-source-code-samples
        codeSamplesRevisionDigest: sha256:822014a4673a26638b590d81a71d55691613d2d105856eb4bc2d670dd43960ae
    sync-for-payables-library:
        source: sync-for-payables-source
        sourceNamespace: sync-for-payables-source
        sourceRevisionDigest: sha256:fcd6b51262ff69e60a7a01c318156d45b3601e2d88b3d755a0aad7fc04268e3f
        sourceBlobDigest: sha256:57b656eed2c5a98f97da8f59e196bb8052ead3cc7c87673cdf5e19c6badbb570
        codeSamplesNamespace: sync-for-payables-source-code-samples
        codeSamplesRevisionDigest: sha256:40825f2e1696e90ab8a91bf81b9da4b6e3d68d979cf64bd9f3f8060bcd2b6bd9
    sync-for-payables-version-1-library:
        source: sync-for-payables-version-1-source
        sourceNamespace: sync-for-payables-version-1-source
        sourceRevisionDigest: sha256:d91d7da27f07044c21e155a8787ef998eab1eb641136347c1287053f8e8087fb
        sourceBlobDigest: sha256:e1fb1fe0af40cf137b8b320fd75e913c83e54e0a2bb2e80a5af69e0bce409e71
    sync-for-payroll-library:
        source: sync-for-payroll-source
        sourceNamespace: sync-for-payroll-source
        sourceRevisionDigest: sha256:95fbbd9d479c192baabe63b6b95494bf55876fb9007df3657fa51660a8c73431
        sourceBlobDigest: sha256:baa2f5f6f0837b11f0c2dd0adb8f51dff8afe272834ddada31ede54d8f3a7103
workflow:
    workflowVersion: 1.0.0
    speakeasyVersion: latest
    sources:
        accounting-source:
            inputs:
                - location: https://raw.githubusercontent.com/codatio/oas/main/yaml/Codat-Accounting.yaml
        assess-source:
            inputs:
                - location: https://raw.githubusercontent.com/codatio/oas/main/yaml/Codat-Assess.yaml
        bank-feeds-source:
            inputs:
                - location: https://raw.githubusercontent.com/codatio/oas/main/yaml/Codat-Bank-Feeds.yaml
            registry:
                location: registry.speakeasyapi.dev/codat/codat/bank-feeds-source
        banking-source:
            inputs:
                - location: https://raw.githubusercontent.com/codatio/oas/main/yaml/Codat-Banking.yaml
        commerce-source:
            inputs:
                - location: https://raw.githubusercontent.com/codatio/oas/main/yaml/Codat-Commerce.yaml
        common-source:
            inputs:
                - location: https://raw.githubusercontent.com/codatio/oas/main/yaml/Codat-Platform.yaml
        files-source:
            inputs:
                - location: https://raw.githubusercontent.com/codatio/oas/main/yaml/Codat-Files.yaml
        lending-source:
            inputs:
                - location: https://raw.githubusercontent.com/codatio/oas/main/yaml/Codat-Lending.yaml
            registry:
                location: registry.speakeasyapi.dev/codat/codat/lending-source
        platform-source:
            inputs:
                - location: https://raw.githubusercontent.com/codatio/oas/main/yaml/Codat-Platform.yaml
            registry:
                location: registry.speakeasyapi.dev/codat/codat/platform-source
        sync-for-commerce-source:
            inputs:
                - location: https://raw.githubusercontent.com/codatio/oas/main/yaml/Codat-Sync-Commerce.yaml
            registry:
                location: registry.speakeasyapi.dev/codat/codat/sync-for-commerce-source
        sync-for-commerce-version-1-source:
            inputs:
                - location: https://raw.githubusercontent.com/codatio/oas/main/yaml/Codat-Sync-Commerce-v1.yaml
        sync-for-expenses-source:
            inputs:
                - location: https://raw.githubusercontent.com/codatio/oas/main/yaml/Codat-Sync-Expenses.yaml
            registry:
                location: registry.speakeasyapi.dev/codat/codat/sync-for-expenses-source
        sync-for-expenses-version-1-source:
            inputs:
                - location: https://raw.githubusercontent.com/codatio/oas/main/yaml/Codat-Sync-Expenses-v1.yaml
        sync-for-payables-source:
            inputs:
                - location: https://raw.githubusercontent.com/codatio/oas/main/yaml/Codat-Sync-Payables.yaml
            registry:
                location: registry.speakeasyapi.dev/codat/codat/sync-for-payables-source
        sync-for-payables-version-1-source:
            inputs:
                - location: https://raw.githubusercontent.com/codatio/oas/main/yaml/Codat-Sync-Payables-v1.yaml
            registry:
                location: registry.speakeasyapi.dev/codat/codat/sync-for-payables-version-1-source
        sync-for-payroll-source:
            inputs:
                - location: https://raw.githubusercontent.com/codatio/oas/main/yaml/Codat-Sync-Payroll.yaml
            registry:
                location: registry.speakeasyapi.dev/codat/codat/sync-for-payroll-source
    targets:
        accounting-library:
            target: typescript
            source: accounting-source
            output: previous-versions/accounting
            publish:
                npm:
                    token: $npm_token
        assess-library:
            target: typescript
            source: assess-source
            output: previous-versions/assess
            publish:
                npm:
                    token: $npm_token
        bank-feeds-library:
            target: typescript
            source: bank-feeds-source
            output: bank-feeds
            publish:
                npm:
                    token: $npm_token
            codeSamples:
                registry:
                    location: registry.speakeasyapi.dev/codat/codat/bank-feeds-source-typescript-code-samples
                blocking: false
        banking-library:
            target: typescript
            source: banking-source
            output: previous-versions/banking
            publish:
                npm:
                    token: $npm_token
        commerce-library:
            target: typescript
            source: commerce-source
            output: previous-versions/commerce
            publish:
                npm:
                    token: $npm_token
        common-library:
            target: typescript
            source: common-source
            output: previous-versions/common
            publish:
                npm:
                    token: $npm_token
        files-library:
            target: typescript
            source: files-source
            output: previous-versions/files
            publish:
                npm:
                    token: $npm_token
        lending-library:
            target: typescript
            source: lending-source
            output: lending
            publish:
                npm:
                    token: $npm_token
            codeSamples:
                registry:
                    location: registry.speakeasyapi.dev/codat/codat/lending-source-typescript-code-samples
                blocking: false
        platform-library:
            target: typescript
            source: platform-source
            output: platform
            publish:
                npm:
                    token: $npm_token
            codeSamples:
                registry:
                    location: registry.speakeasyapi.dev/codat/codat/platform-source-typescript-code-samples
                blocking: false
        sync-for-commerce-library:
            target: typescript
            source: sync-for-commerce-source
            output: sync-for-commerce
            publish:
                npm:
                    token: $npm_token
            codeSamples:
                registry:
                    location: registry.speakeasyapi.dev/codat/codat/sync-for-commerce-source-typescript-code-samples
                blocking: false
        sync-for-commerce-version-1-library:
            target: typescript
            source: sync-for-commerce-version-1-source
            output: previous-versions/sync-for-commerce-version-1
            publish:
                npm:
                    token: $npm_token
        sync-for-expenses-library:
            target: typescript
            source: sync-for-expenses-source
            output: sync-for-expenses
            publish:
                npm:
                    token: $npm_token
            codeSamples:
                registry:
                    location: registry.speakeasyapi.dev/codat/codat/sync-for-expenses-source-typescript-code-samples
                blocking: false
        sync-for-expenses-version-1-library:
            target: typescript
            source: sync-for-expenses-version-1-source
            output: previous-versions/sync-for-expenses-version-1
            publish:
                npm:
                    token: $npm_token
        sync-for-payables-library:
            target: typescript
            source: sync-for-payables-source
            output: sync-for-payables
            publish:
                npm:
                    token: $npm_token
            codeSamples:
                registry:
                    location: registry.speakeasyapi.dev/codat/codat/sync-for-payables-source-typescript-code-samples
                blocking: false
        sync-for-payables-version-1-library:
            target: typescript
            source: sync-for-payables-version-1-source
            output: previous-versions/sync-for-payables-version-1
            publish:
                npm:
                    token: $npm_token
            codeSamples:
                registry:
                    location: registry.speakeasyapi.dev/codat/codat/sync-for-payables-version-1-source-typescript-code-samples
                blocking: false
        sync-for-payroll-library:
            target: typescript
            source: sync-for-payroll-source
            output: sync-for-payroll
            publish:
                npm:
                    token: $npm_token
            codeSamples:
                registry:
                    location: registry.speakeasyapi.dev/codat/codat/sync-for-payroll-source-typescript-code-samples
                blocking: false
