speakeasyVersion: 1.761.9
sources:
    bank-feeds-source:
        sourceNamespace: bank-feeds-source
        sourceRevisionDigest: sha256:169b50aca543aab236e24029ee5037bb8230d7f9149b9705da680973a86e62d0
        sourceBlobDigest: sha256:d15376235a83cfd95449e02f7a2fcffac242798aa337954333c4a81174231e3f
        tags:
            - latest
            - 3.0.0
    lending-source:
        sourceNamespace: lending-source
        sourceRevisionDigest: sha256:0a00d892955d2cc912bd47adf1de8b2a84bd3485a3359565572f79ef5e7b2c5b
        sourceBlobDigest: sha256:152325157f20a95fe6446fc06c82dd9669c1d0f3083208ff5086f78f823c8b78
        tags:
            - latest
            - 3.0.0
    platform-source:
        sourceNamespace: platform-source
        sourceRevisionDigest: sha256:e176a344718f8e9b036c29d8cc197e5e384ee61b1fdc4894ca4e4b8ddaf643c1
        sourceBlobDigest: sha256:dbc37e7b61a982a8097e6bfaaba3b147d363cc0bd352179022b2db432b7e5c15
        tags:
            - latest
            - 3.0.0
    sync-for-commerce-source:
        sourceNamespace: sync-for-commerce-source
        sourceRevisionDigest: sha256:257187806b1394379f3dbbd53cc8a8b7397356ff8b0ee243e3d6958a48cd91f3
        sourceBlobDigest: sha256:1d1592cd53dae647bff1e58e43cb64f19f9da714cfc6f6198c43659b89b05369
        tags:
            - latest
            - speakeasy-sdk-regen-1732635162
            - "1.1"
    sync-for-expenses-source:
        sourceNamespace: sync-for-expenses-source
        sourceRevisionDigest: sha256:11af6475e2c0576d71adee597a3315d14622ac764c9627301b129c2701d72041
        sourceBlobDigest: sha256:34aa4d8a3385871bfb861e1ac69865cc6dbd2d2f776983533959baedd2a3da0e
        tags:
            - latest
            - prealpha
    sync-for-payables-source:
        sourceNamespace: sync-for-payables-source
        sourceRevisionDigest: sha256:f8f51f03b09f4db12dcb5b5f8dd785e924b34acf95c2963148d6332a539e20ee
        sourceBlobDigest: sha256:7a4b9e31f75380f0764d515e7533741e4f7b0da48e595c9f0fcac4506d869725
        tags:
            - latest
            - 3.0.0
    sync-for-payables-version-1-source:
        sourceNamespace: sync-for-payables-version-1-source
        sourceRevisionDigest: sha256:5916f9b0108e0488ab284e72701e3f1235300ee6ce7d5fbffcf88a69b87f7334
        sourceBlobDigest: sha256:ca915a0634a7293bb811c27ed34dc9c4d2ea6a65be70c4eaaa58a4875f3124a7
        tags:
            - latest
            - speakeasy-sdk-regen-1767895699
            - 3.0.0
    sync-for-payroll-source:
        sourceNamespace: sync-for-payroll-source
        sourceRevisionDigest: sha256:95fbbd9d479c192baabe63b6b95494bf55876fb9007df3657fa51660a8c73431
        sourceBlobDigest: sha256:baa2f5f6f0837b11f0c2dd0adb8f51dff8afe272834ddada31ede54d8f3a7103
        tags:
            - latest
            - main
targets:
    bank-feeds-library:
        source: bank-feeds-source
        sourceNamespace: bank-feeds-source
        sourceRevisionDigest: sha256:169b50aca543aab236e24029ee5037bb8230d7f9149b9705da680973a86e62d0
        sourceBlobDigest: sha256:d15376235a83cfd95449e02f7a2fcffac242798aa337954333c4a81174231e3f
        codeSamplesNamespace: bank-feeds-source-typescript-code-samples
        codeSamplesRevisionDigest: sha256:83ffc4dde37ee38e46090010970d8f5e1f2d451c4d2a4acc2b3b7ed3de332f66
    lending-library:
        source: lending-source
        sourceNamespace: lending-source
        sourceRevisionDigest: sha256:0a00d892955d2cc912bd47adf1de8b2a84bd3485a3359565572f79ef5e7b2c5b
        sourceBlobDigest: sha256:152325157f20a95fe6446fc06c82dd9669c1d0f3083208ff5086f78f823c8b78
        codeSamplesNamespace: lending-source-typescript-code-samples
        codeSamplesRevisionDigest: sha256:d02b1a65820cf0156f36c83d320f5e26da34dd050692ac83bf323b54293fb660
    platform-library:
        source: platform-source
        sourceNamespace: platform-source
        sourceRevisionDigest: sha256:e176a344718f8e9b036c29d8cc197e5e384ee61b1fdc4894ca4e4b8ddaf643c1
        sourceBlobDigest: sha256:dbc37e7b61a982a8097e6bfaaba3b147d363cc0bd352179022b2db432b7e5c15
        codeSamplesNamespace: platform-source-typescript-code-samples
        codeSamplesRevisionDigest: sha256:c0fc3047e77de93217a1f264d3441d5886738caaacf14449b513a87c3c4f8b15
    sync-for-commerce-library:
        source: sync-for-commerce-source
        sourceNamespace: sync-for-commerce-source
        sourceRevisionDigest: sha256:257187806b1394379f3dbbd53cc8a8b7397356ff8b0ee243e3d6958a48cd91f3
        sourceBlobDigest: sha256:1d1592cd53dae647bff1e58e43cb64f19f9da714cfc6f6198c43659b89b05369
        codeSamplesNamespace: sync-for-commerce-source-code-samples
        codeSamplesRevisionDigest: sha256:1021fbad87d5240ea19e961dee7857faf7f2a0154b84ccda1fd6866ac1672261
    sync-for-expenses-library:
        source: sync-for-expenses-source
        sourceNamespace: sync-for-expenses-source
        sourceRevisionDigest: sha256:11af6475e2c0576d71adee597a3315d14622ac764c9627301b129c2701d72041
        sourceBlobDigest: sha256:34aa4d8a3385871bfb861e1ac69865cc6dbd2d2f776983533959baedd2a3da0e
        codeSamplesNamespace: sync-for-expenses-source-typescript-code-samples
        codeSamplesRevisionDigest: sha256:8823f5eed26d150608102fd0fb83a6e167bc82983486a8e97b8991979b39abc9
    sync-for-payables-library:
        source: sync-for-payables-source
        sourceNamespace: sync-for-payables-source
        sourceRevisionDigest: sha256:f8f51f03b09f4db12dcb5b5f8dd785e924b34acf95c2963148d6332a539e20ee
        sourceBlobDigest: sha256:7a4b9e31f75380f0764d515e7533741e4f7b0da48e595c9f0fcac4506d869725
        codeSamplesNamespace: sync-for-payables-source-typescript-code-samples
        codeSamplesRevisionDigest: sha256:bca188400a7dd41a94d6c53322cd571a2489ebb774f917bb3b25302bd311b569
    sync-for-payables-version-1-library:
        source: sync-for-payables-version-1-source
        sourceNamespace: sync-for-payables-version-1-source
        sourceRevisionDigest: sha256:5916f9b0108e0488ab284e72701e3f1235300ee6ce7d5fbffcf88a69b87f7334
        sourceBlobDigest: sha256:ca915a0634a7293bb811c27ed34dc9c4d2ea6a65be70c4eaaa58a4875f3124a7
        codeSamplesNamespace: sync-for-payables-version-1-source-typescript-code-samples
        codeSamplesRevisionDigest: sha256:5bafba7b409d8dcadc1b71b60d989fa7b182d3e921c682e2fc54df19cc6cc21d
    sync-for-payroll-library:
        source: sync-for-payroll-source
        sourceNamespace: sync-for-payroll-source
        sourceRevisionDigest: sha256:95fbbd9d479c192baabe63b6b95494bf55876fb9007df3657fa51660a8c73431
        sourceBlobDigest: sha256:baa2f5f6f0837b11f0c2dd0adb8f51dff8afe272834ddada31ede54d8f3a7103
workflow:
    workflowVersion: 1.0.0
    speakeasyVersion: latest
    sources:
        accounting-source:
            inputs:
                - location: https://raw.githubusercontent.com/codatio/oas/main/yaml/Codat-Accounting.yaml
        assess-source:
            inputs:
                - location: https://raw.githubusercontent.com/codatio/oas/main/yaml/Codat-Assess.yaml
        bank-feeds-source:
            inputs:
                - location: https://raw.githubusercontent.com/codatio/oas/main/yaml/Codat-Bank-Feeds.yaml
            registry:
                location: registry.speakeasyapi.dev/codat/codat/bank-feeds-source
        banking-source:
            inputs:
                - location: https://raw.githubusercontent.com/codatio/oas/main/yaml/Codat-Banking.yaml
        commerce-source:
            inputs:
                - location: https://raw.githubusercontent.com/codatio/oas/main/yaml/Codat-Commerce.yaml
        common-source:
            inputs:
                - location: https://raw.githubusercontent.com/codatio/oas/main/yaml/Codat-Platform.yaml
        files-source:
            inputs:
                - location: https://raw.githubusercontent.com/codatio/oas/main/yaml/Codat-Files.yaml
        lending-source:
            inputs:
                - location: https://raw.githubusercontent.com/codatio/oas/main/yaml/Codat-Lending.yaml
            registry:
                location: registry.speakeasyapi.dev/codat/codat/lending-source
        platform-source:
            inputs:
                - location: https://raw.githubusercontent.com/codatio/oas/main/yaml/Codat-Platform.yaml
            registry:
                location: registry.speakeasyapi.dev/codat/codat/platform-source
        sync-for-commerce-source:
            inputs:
                - location: https://raw.githubusercontent.com/codatio/oas/main/yaml/Codat-Sync-Commerce.yaml
            registry:
                location: registry.speakeasyapi.dev/codat/codat/sync-for-commerce-source
        sync-for-commerce-version-1-source:
            inputs:
                - location: https://raw.githubusercontent.com/codatio/oas/main/yaml/Codat-Sync-Commerce-v1.yaml
        sync-for-expenses-source:
            inputs:
                - location: https://raw.githubusercontent.com/codatio/oas/main/yaml/Codat-Sync-Expenses.yaml
            registry:
                location: registry.speakeasyapi.dev/codat/codat/sync-for-expenses-source
        sync-for-expenses-version-1-source:
            inputs:
                - location: https://raw.githubusercontent.com/codatio/oas/main/yaml/Codat-Sync-Expenses-v1.yaml
        sync-for-payables-source:
            inputs:
                - location: https://raw.githubusercontent.com/codatio/oas/main/yaml/Codat-Sync-Payables.yaml
            registry:
                location: registry.speakeasyapi.dev/codat/codat/sync-for-payables-source
        sync-for-payables-version-1-source:
            inputs:
                - location: https://raw.githubusercontent.com/codatio/oas/main/yaml/Codat-Sync-Payables-v1.yaml
            registry:
                location: registry.speakeasyapi.dev/codat/codat/sync-for-payables-version-1-source
        sync-for-payroll-source:
            inputs:
                - location: https://raw.githubusercontent.com/codatio/oas/main/yaml/Codat-Sync-Payroll.yaml
            registry:
                location: registry.speakeasyapi.dev/codat/codat/sync-for-payroll-source
    targets:
        accounting-library:
            target: typescript
            source: accounting-source
            output: previous-versions/accounting
            publish:
                npm:
                    token: $npm_token
        assess-library:
            target: typescript
            source: assess-source
            output: previous-versions/assess
            publish:
                npm:
                    token: $npm_token
        bank-feeds-library:
            target: typescript
            source: bank-feeds-source
            output: bank-feeds
            publish:
                npm:
                    token: $npm_token
            codeSamples:
                registry:
                    location: registry.speakeasyapi.dev/codat/codat/bank-feeds-source-typescript-code-samples
                blocking: false
        banking-library:
            target: typescript
            source: banking-source
            output: previous-versions/banking
            publish:
                npm:
                    token: $npm_token
        commerce-library:
            target: typescript
            source: commerce-source
            output: previous-versions/commerce
            publish:
                npm:
                    token: $npm_token
        common-library:
            target: typescript
            source: common-source
            output: previous-versions/common
            publish:
                npm:
                    token: $npm_token
        files-library:
            target: typescript
            source: files-source
            output: previous-versions/files
            publish:
                npm:
                    token: $npm_token
        lending-library:
            target: typescript
            source: lending-source
            output: lending
            publish:
                npm:
                    token: $npm_token
            codeSamples:
                registry:
                    location: registry.speakeasyapi.dev/codat/codat/lending-source-typescript-code-samples
                blocking: false
        platform-library:
            target: typescript
            source: platform-source
            output: platform
            publish:
                npm:
                    token: $npm_token
            codeSamples:
                registry:
                    location: registry.speakeasyapi.dev/codat/codat/platform-source-typescript-code-samples
                blocking: false
        sync-for-commerce-library:
            target: typescript
            source: sync-for-commerce-source
            output: sync-for-commerce
            publish:
                npm:
                    token: $npm_token
            codeSamples:
                registry:
                    location: registry.speakeasyapi.dev/codat/codat/sync-for-commerce-source-typescript-code-samples
                blocking: false
        sync-for-commerce-version-1-library:
            target: typescript
            source: sync-for-commerce-version-1-source
            output: previous-versions/sync-for-commerce-version-1
            publish:
                npm:
                    token: $npm_token
        sync-for-expenses-library:
            target: typescript
            source: sync-for-expenses-source
            output: sync-for-expenses
            publish:
                npm:
                    token: $npm_token
            codeSamples:
                registry:
                    location: registry.speakeasyapi.dev/codat/codat/sync-for-expenses-source-typescript-code-samples
                blocking: false
        sync-for-expenses-version-1-library:
            target: typescript
            source: sync-for-expenses-version-1-source
            output: previous-versions/sync-for-expenses-version-1
            publish:
                npm:
                    token: $npm_token
        sync-for-payables-library:
            target: typescript
            source: sync-for-payables-source
            output: sync-for-payables
            publish:
                npm:
                    token: $npm_token
            codeSamples:
                registry:
                    location: registry.speakeasyapi.dev/codat/codat/sync-for-payables-source-typescript-code-samples
                blocking: false
        sync-for-payables-version-1-library:
            target: typescript
            source: sync-for-payables-version-1-source
            output: previous-versions/sync-for-payables-version-1
            publish:
                npm:
                    token: $npm_token
            codeSamples:
                registry:
                    location: registry.speakeasyapi.dev/codat/codat/sync-for-payables-version-1-source-typescript-code-samples
                blocking: false
        sync-for-payroll-library:
            target: typescript
            source: sync-for-payroll-source
            output: sync-for-payroll
            publish:
                npm:
                    token: $npm_token
            codeSamples:
                registry:
                    location: registry.speakeasyapi.dev/codat/codat/sync-for-payroll-source-typescript-code-samples
                blocking: false
