lockVersion: 2.0.0
id: b710fdb3-7f23-4a95-a23a-31c608902cef
management:
  docChecksum: 5223d7169ff7255df94cec4c73389639
  docVersion: prealpha
  speakeasyVersion: 1.214.0
  generationVersion: 2.286.2
  releaseVersion: 0.7.0
  configChecksum: c23d1f3644061ceb37ea2e5cecdeec27
  repoURL: https://github.com/codatio/client-sdk-typescript.git
  repoSubDirectory: previous-versions/sync-for-expenses-version-1
  installationURL: https://gitpkg.now.sh/codatio/client-sdk-typescript/previous-versions/sync-for-expenses-version-1
  published: true
features:
  typescript:
    core: 3.4.8
    deprecations: 2.81.1
    examples: 2.81.3
    globalSecurity: 2.82.5
    globalServerURLs: 2.82.2
    nameOverrides: 2.81.1
    retries: 2.82.1
    webhooks: 1.0.0
generatedFiles:
  - src/sdk/companies.ts
  - src/sdk/connections.ts
  - src/sdk/configuration.ts
  - src/sdk/expenses.ts
  - src/sdk/mappingoptions.ts
  - src/sdk/sync.ts
  - src/sdk/syncstatus.ts
  - src/sdk/transactionstatus.ts
  - src/sdk/sdk.ts
  - .eslintrc.yml
  - jest.config.js
  - package-lock.json
  - package.json
  - src/index.ts
  - src/internal/utils/contenttype.ts
  - src/internal/utils/headers.ts
  - src/internal/utils/index.ts
  - src/internal/utils/pathparams.ts
  - src/internal/utils/queryparams.ts
  - src/internal/utils/requestbody.ts
  - src/internal/utils/retries.ts
  - src/internal/utils/security.ts
  - src/internal/utils/utils.ts
  - src/sdk/index.ts
  - src/sdk/models/errors/sdkerror.ts
  - src/sdk/types/index.ts
  - src/sdk/types/rfcdate.ts
  - tsconfig.json
  - src/sdk/models/operations/createcompany.ts
  - src/sdk/models/operations/deletecompany.ts
  - src/sdk/models/operations/getcompany.ts
  - src/sdk/models/operations/listcompanies.ts
  - src/sdk/models/operations/updatecompany.ts
  - src/sdk/models/operations/createconnection.ts
  - src/sdk/models/operations/createpartnerexpenseconnection.ts
  - src/sdk/models/operations/deleteconnection.ts
  - src/sdk/models/operations/getconnection.ts
  - src/sdk/models/operations/listconnections.ts
  - src/sdk/models/operations/unlinkconnection.ts
  - src/sdk/models/operations/getcompanyconfiguration.ts
  - src/sdk/models/operations/savecompanyconfiguration.ts
  - src/sdk/models/operations/createexpensedataset.ts
  - src/sdk/models/operations/updateexpensedataset.ts
  - src/sdk/models/operations/uploadattachment.ts
  - src/sdk/models/operations/getmappingoptions.ts
  - src/sdk/models/operations/initiatesync.ts
  - src/sdk/models/operations/getlastsuccessfulsync.ts
  - src/sdk/models/operations/getlatestsync.ts
  - src/sdk/models/operations/getsyncbyid.ts
  - src/sdk/models/operations/listsyncs.ts
  - src/sdk/models/operations/getsynctransaction.ts
  - src/sdk/models/operations/listsynctransactions.ts
  - src/sdk/models/shared/errormessage.ts
  - src/sdk/models/shared/errorvalidation.ts
  - src/sdk/models/shared/errorvalidationitem.ts
  - src/sdk/models/shared/company.ts
  - src/sdk/models/shared/connection.ts
  - src/sdk/models/shared/dataconnectionstatus.ts
  - src/sdk/models/shared/dataconnectionerror.ts
  - src/sdk/models/shared/companyrequestbody.ts
  - src/sdk/models/shared/items.ts
  - src/sdk/models/shared/companies.ts
  - src/sdk/models/shared/links.ts
  - src/sdk/models/shared/halref.ts
  - src/sdk/models/shared/connections.ts
  - src/sdk/models/shared/companyconfiguration.ts
  - src/sdk/models/shared/supplier.ts
  - src/sdk/models/shared/customer.ts
  - src/sdk/models/shared/bankaccount.ts
  - src/sdk/models/shared/createexpenseresponse.ts
  - src/sdk/models/shared/createexpenserequest.ts
  - src/sdk/models/shared/expensetransaction.ts
  - src/sdk/models/shared/expensetransactionline.ts
  - src/sdk/models/shared/recordref.ts
  - src/sdk/models/shared/contactref.ts
  - src/sdk/models/shared/updateexpenserequest.ts
  - src/sdk/models/shared/attachment.ts
  - src/sdk/models/shared/attachmentupload.ts
  - src/sdk/models/shared/codatfile.ts
  - src/sdk/models/shared/mappingoptions.ts
  - src/sdk/models/shared/trackingcategorymappinginfo.ts
  - src/sdk/models/shared/taxratemappinginfo.ts
  - src/sdk/models/shared/accountmappinginfo.ts
  - src/sdk/models/shared/postsync.ts
  - src/sdk/models/shared/companysyncstatus.ts
  - src/sdk/models/shared/transactionmetadata.ts
  - src/sdk/models/shared/transactionstatus.ts
  - src/sdk/models/shared/integrationtype.ts
  - src/sdk/models/shared/transactionmetadatalist.ts
  - src/sdk/models/shared/security.ts
  - src/sdk/models/shared/synccompletewebhook.ts
  - src/sdk/models/shared/synccompletewebhookdata.ts
  - src/sdk/models/shared/syncfailedwebhook.ts
  - src/sdk/models/shared/syncfailedwebhookdata.ts
  - src/sdk/models/shared/syncstartedwebhook.ts
  - src/sdk/models/webhooks/synccomplete.ts
  - src/sdk/models/webhooks/syncfailed.ts
  - src/sdk/models/webhooks/syncstarted.ts
  - src/sdk/models/errors/index.ts
  - src/sdk/models/operations/index.ts
  - src/sdk/models/shared/index.ts
  - src/sdk/models/webhooks/index.ts
  - docs/sdk/models/operations/createcompanyresponse.md
  - docs/sdk/models/operations/deletecompanyrequest.md
  - docs/sdk/models/operations/deletecompanyresponse.md
  - docs/sdk/models/operations/getcompanyrequest.md
  - docs/sdk/models/operations/getcompanyresponse.md
  - docs/sdk/models/operations/listcompaniesrequest.md
  - docs/sdk/models/operations/listcompaniesresponse.md
  - docs/sdk/models/operations/updatecompanyrequest.md
  - docs/sdk/models/operations/updatecompanyresponse.md
  - docs/sdk/models/operations/createconnectionrequestbody.md
  - docs/sdk/models/operations/createconnectionrequest.md
  - docs/sdk/models/operations/createconnectionresponse.md
  - docs/sdk/models/operations/createpartnerexpenseconnectionrequest.md
  - docs/sdk/models/operations/createpartnerexpenseconnectionresponse.md
  - docs/sdk/models/operations/deleteconnectionrequest.md
  - docs/sdk/models/operations/deleteconnectionresponse.md
  - docs/sdk/models/operations/getconnectionrequest.md
  - docs/sdk/models/operations/getconnectionresponse.md
  - docs/sdk/models/operations/listconnectionsrequest.md
  - docs/sdk/models/operations/listconnectionsresponse.md
  - docs/sdk/models/operations/unlinkconnectionupdateconnection.md
  - docs/sdk/models/operations/unlinkconnectionrequest.md
  - docs/sdk/models/operations/unlinkconnectionresponse.md
  - docs/sdk/models/operations/getcompanyconfigurationrequest.md
  - docs/sdk/models/operations/getcompanyconfigurationresponse.md
  - docs/sdk/models/operations/savecompanyconfigurationrequest.md
  - docs/sdk/models/operations/savecompanyconfigurationresponse.md
  - docs/sdk/models/operations/createexpensedatasetrequest.md
  - docs/sdk/models/operations/createexpensedatasetresponse.md
  - docs/sdk/models/operations/updateexpensedatasetrequest.md
  - docs/sdk/models/operations/updateexpensedatasetresponsebody.md
  - docs/sdk/models/operations/updateexpensedatasetresponse.md
  - docs/sdk/models/operations/uploadattachmentrequest.md
  - docs/sdk/models/operations/uploadattachmentresponse.md
  - docs/sdk/models/operations/getmappingoptionsrequest.md
  - docs/sdk/models/operations/getmappingoptionsresponse.md
  - docs/sdk/models/operations/initiatesyncrequest.md
  - docs/sdk/models/operations/initiatesyncresponse.md
  - docs/sdk/models/operations/getlastsuccessfulsyncrequest.md
  - docs/sdk/models/operations/getlastsuccessfulsyncresponse.md
  - docs/sdk/models/operations/getlatestsyncrequest.md
  - docs/sdk/models/operations/getlatestsyncresponse.md
  - docs/sdk/models/operations/getsyncbyidrequest.md
  - docs/sdk/models/operations/getsyncbyidresponse.md
  - docs/sdk/models/operations/listsyncsrequest.md
  - docs/sdk/models/operations/listsyncsresponse.md
  - docs/sdk/models/operations/getsynctransactionrequest.md
  - docs/sdk/models/operations/getsynctransactionresponse.md
  - docs/sdk/models/operations/listsynctransactionsrequest.md
  - docs/sdk/models/operations/listsynctransactionsresponse.md
  - docs/sdk/models/shared/errormessage.md
  - docs/sdk/models/shared/errorvalidation.md
  - docs/sdk/models/shared/errorvalidationitem.md
  - docs/sdk/models/shared/groupreference.md
  - docs/sdk/models/shared/company.md
  - docs/sdk/models/shared/sourcetype.md
  - docs/sdk/models/shared/connection.md
  - docs/sdk/models/shared/dataconnectionstatus.md
  - docs/sdk/models/shared/dataconnectionerror.md
  - docs/sdk/models/shared/companyrequestbody.md
  - docs/sdk/models/shared/items.md
  - docs/sdk/models/shared/companies.md
  - docs/sdk/models/shared/links.md
  - docs/sdk/models/shared/halref.md
  - docs/sdk/models/shared/connections.md
  - docs/sdk/models/shared/companyconfiguration.md
  - docs/sdk/models/shared/supplier.md
  - docs/sdk/models/shared/customer.md
  - docs/sdk/models/shared/bankaccount.md
  - docs/sdk/models/shared/createexpenseresponse.md
  - docs/sdk/models/shared/createexpenserequest.md
  - docs/sdk/models/shared/typet.md
  - docs/sdk/models/shared/expensetransaction.md
  - docs/sdk/models/shared/expensetransactionline.md
  - docs/sdk/models/shared/recordref.md
  - docs/sdk/models/shared/contacttype.md
  - docs/sdk/models/shared/contactref.md
  - docs/sdk/models/shared/updateexpenserequest.md
  - docs/sdk/models/shared/attachment.md
  - docs/sdk/models/shared/attachmentupload.md
  - docs/sdk/models/shared/codatfile.md
  - docs/sdk/models/shared/mappingoptions.md
  - docs/sdk/models/shared/trackingcategorymappinginfo.md
  - docs/sdk/models/shared/taxratemappinginfovalidtransactiontypes.md
  - docs/sdk/models/shared/taxratemappinginfo.md
  - docs/sdk/models/shared/accounttype.md
  - docs/sdk/models/shared/validtransactiontypes.md
  - docs/sdk/models/shared/accountmappinginfo.md
  - docs/sdk/models/shared/postsync.md
  - docs/sdk/models/shared/companysyncstatus.md
  - docs/sdk/models/shared/transactionmetadata.md
  - docs/sdk/models/shared/transactionstatus.md
  - docs/sdk/models/shared/integrationtype.md
  - docs/sdk/models/shared/transactionmetadatalist.md
  - docs/sdk/models/shared/security.md
  - docs/sdk/models/shared/synccompletewebhook.md
  - docs/sdk/models/shared/synccompletewebhookdata.md
  - docs/sdk/models/shared/syncfailedwebhook.md
  - docs/sdk/models/shared/syncfailedwebhookdata.md
  - docs/sdk/models/shared/data.md
  - docs/sdk/models/shared/syncstartedwebhook.md
  - docs/sdk/models/webhooks/synccompleteresponse.md
  - docs/sdk/models/webhooks/syncfailedresponse.md
  - docs/sdk/models/webhooks/syncstartedresponse.md
  - docs/sdks/codatsyncexpenses/README.md
  - docs/internal/utils/retryconfig.md
  - docs/sdks/companies/README.md
  - docs/sdks/connections/README.md
  - docs/sdks/configuration/README.md
  - docs/sdks/expenses/README.md
  - docs/sdks/mappingoptions/README.md
  - docs/sdks/sync/README.md
  - docs/sdks/syncstatus/README.md
  - docs/sdks/transactionstatus/README.md
  - USAGE.md
  - .gitattributes
