lockVersion: 2.0.0
id: 87e6188d-fa80-4f96-a443-9e303956b15f
management:
  docChecksum: 99eac4e55bd5df1a469607d39fe25481
  docVersion: 3.0.0
  speakeasyVersion: internal
  generationVersion: 2.230.3
  releaseVersion: 4.0.1
  configChecksum: ed2a0ac1099612123af27dd22536b3eb
  repoURL: https://github.com/codatio/client-sdk-typescript.git
  repoSubDirectory: bank-feeds
  installationURL: https://gitpkg.now.sh/codatio/client-sdk-typescript/bank-feeds
  published: true
features:
  typescript:
    core: 3.4.5
    deprecations: 2.81.1
    examples: 2.81.3
    globalSecurity: 2.82.2
    globalServerURLs: 2.82.1
    nameOverrides: 2.81.1
    retries: 2.82.1
generatedFiles:
  - src/sdk/companies.ts
  - src/sdk/connections.ts
  - src/sdk/accountmapping.ts
  - src/sdk/sourceaccounts.ts
  - src/sdk/bankaccounts.ts
  - src/sdk/transactions.ts
  - src/sdk/configuration.ts
  - src/sdk/sdk.ts
  - .eslintrc.yml
  - jest.config.js
  - package-lock.json
  - package.json
  - src/index.ts
  - src/internal/utils/contenttype.ts
  - src/internal/utils/headers.ts
  - src/internal/utils/index.ts
  - src/internal/utils/pathparams.ts
  - src/internal/utils/queryparams.ts
  - src/internal/utils/requestbody.ts
  - src/internal/utils/retries.ts
  - src/internal/utils/security.ts
  - src/internal/utils/utils.ts
  - src/sdk/index.ts
  - src/sdk/models/errors/sdkerror.ts
  - src/sdk/types/index.ts
  - src/sdk/types/rfcdate.ts
  - tsconfig.json
  - src/sdk/models/operations/createcompany.ts
  - src/sdk/models/operations/deletecompany.ts
  - src/sdk/models/operations/getcompany.ts
  - src/sdk/models/operations/listcompanies.ts
  - src/sdk/models/operations/updatecompany.ts
  - src/sdk/models/operations/createconnection.ts
  - src/sdk/models/operations/deleteconnection.ts
  - src/sdk/models/operations/getconnection.ts
  - src/sdk/models/operations/listconnections.ts
  - src/sdk/models/operations/unlinkconnection.ts
  - src/sdk/models/operations/createbankaccountmapping.ts
  - src/sdk/models/operations/getbankaccountmapping.ts
  - src/sdk/models/operations/createsourceaccount.ts
  - src/sdk/models/operations/deletesourceaccount.ts
  - src/sdk/models/operations/deletebankfeedcredentials.ts
  - src/sdk/models/operations/generatecredentials.ts
  - src/sdk/models/operations/listsourceaccounts.ts
  - src/sdk/models/operations/updatesourceaccount.ts
  - src/sdk/models/operations/listbankaccounts.ts
  - src/sdk/models/operations/createbanktransactions.ts
  - src/sdk/models/operations/getcreateoperation.ts
  - src/sdk/models/operations/listcreateoperations.ts
  - src/sdk/models/operations/getconfiguration.ts
  - src/sdk/models/operations/setconfiguration.ts
  - src/sdk/models/shared/zero.ts
  - src/sdk/models/shared/errormessage.ts
  - src/sdk/models/shared/company.ts
  - src/sdk/models/shared/connection.ts
  - src/sdk/models/shared/dataconnectionstatus.ts
  - src/sdk/models/shared/dataconnectionerror.ts
  - src/sdk/models/shared/companyrequestbody.ts
  - src/sdk/models/shared/items.ts
  - src/sdk/models/shared/companies.ts
  - src/sdk/models/shared/links.ts
  - src/sdk/models/shared/halref.ts
  - src/sdk/models/shared/connections.ts
  - src/sdk/models/shared/bankfeedaccountmappingresponse.ts
  - src/sdk/models/shared/bankfeedmapping.ts
  - src/sdk/models/shared/targetaccountoption.ts
  - src/sdk/models/shared/sourceaccount.ts
  - src/sdk/models/shared/bankaccountcredentials.ts
  - src/sdk/models/shared/bankaccounts.ts
  - src/sdk/models/shared/createbanktransactionsresponse.ts
  - src/sdk/models/shared/validation.ts
  - src/sdk/models/shared/validationitem.ts
  - src/sdk/models/shared/pushoperationstatus.ts
  - src/sdk/models/shared/datatype.ts
  - src/sdk/models/shared/createbanktransactions.ts
  - src/sdk/models/shared/banktransactions.ts
  - src/sdk/models/shared/pushoperationchange.ts
  - src/sdk/models/shared/pushchangetype.ts
  - src/sdk/models/shared/pushoperationref.ts
  - src/sdk/models/shared/pushoperation.ts
  - src/sdk/models/shared/pushoperations.ts
  - src/sdk/models/shared/configuration.ts
  - src/sdk/models/shared/configurationschedule.ts
  - src/sdk/models/shared/syncconfiguration.ts
  - src/sdk/models/shared/syncasexpenses.ts
  - src/sdk/models/shared/configurationsupplier.ts
  - src/sdk/models/shared/configurationcontactref.ts
  - src/sdk/models/shared/configurationcustomer.ts
  - src/sdk/models/shared/bankaccountoption.ts
  - src/sdk/models/shared/syncasbankfeeds.ts
  - src/sdk/models/shared/security.ts
  - src/sdk/models/shared/clientratelimitreachedwebhook.ts
  - src/sdk/models/shared/clientratelimitreachedwebhookdata.ts
  - src/sdk/models/shared/clientratelimitresetwebhook.ts
  - src/sdk/models/shared/clientratelimitresetwebhookdata.ts
  - src/sdk/models/webhooks/clientratelimitreached.ts
  - src/sdk/models/webhooks/clientratelimitreset.ts
  - src/sdk/models/errors/index.ts
  - src/sdk/models/operations/index.ts
  - src/sdk/models/shared/index.ts
  - src/sdk/models/webhooks/index.ts
  - docs/sdk/models/operations/createcompanyresponse.md
  - docs/sdk/models/operations/deletecompanyrequest.md
  - docs/sdk/models/operations/deletecompanyresponse.md
  - docs/sdk/models/operations/getcompanyrequest.md
  - docs/sdk/models/operations/getcompanyresponse.md
  - docs/sdk/models/operations/listcompaniesrequest.md
  - docs/sdk/models/operations/listcompaniesresponse.md
  - docs/sdk/models/operations/updatecompanyrequest.md
  - docs/sdk/models/operations/updatecompanyresponse.md
  - docs/sdk/models/operations/createconnectionrequestbody.md
  - docs/sdk/models/operations/createconnectionrequest.md
  - docs/sdk/models/operations/createconnectionresponse.md
  - docs/sdk/models/operations/deleteconnectionrequest.md
  - docs/sdk/models/operations/deleteconnectionresponse.md
  - docs/sdk/models/operations/getconnectionrequest.md
  - docs/sdk/models/operations/getconnectionresponse.md
  - docs/sdk/models/operations/listconnectionsrequest.md
  - docs/sdk/models/operations/listconnectionsresponse.md
  - docs/sdk/models/operations/unlinkconnectionupdateconnection.md
  - docs/sdk/models/operations/unlinkconnectionrequest.md
  - docs/sdk/models/operations/unlinkconnectionresponse.md
  - docs/sdk/models/operations/createbankaccountmappingrequest.md
  - docs/sdk/models/operations/createbankaccountmappingresponse.md
  - docs/sdk/models/operations/getbankaccountmappingrequest.md
  - docs/sdk/models/operations/getbankaccountmappingresponse.md
  - docs/sdk/models/operations/createsourceaccountrequest.md
  - docs/sdk/models/operations/createsourceaccountresponse.md
  - docs/sdk/models/operations/deletesourceaccountrequest.md
  - docs/sdk/models/operations/deletesourceaccountresponse.md
  - docs/sdk/models/operations/deletebankfeedcredentialsrequest.md
  - docs/sdk/models/operations/deletebankfeedcredentialsresponse.md
  - docs/sdk/models/operations/generatecredentialsrequest.md
  - docs/sdk/models/operations/generatecredentialsresponse.md
  - docs/sdk/models/operations/listsourceaccountsrequest.md
  - docs/sdk/models/operations/listsourceaccountsresponse.md
  - docs/sdk/models/operations/updatesourceaccountrequest.md
  - docs/sdk/models/operations/updatesourceaccountresponse.md
  - docs/sdk/models/operations/listbankaccountsrequest.md
  - docs/sdk/models/operations/listbankaccountsresponse.md
  - docs/sdk/models/operations/createbanktransactionsrequest.md
  - docs/sdk/models/operations/createbanktransactionsresponse.md
  - docs/sdk/models/operations/getcreateoperationrequest.md
  - docs/sdk/models/operations/getcreateoperationresponse.md
  - docs/sdk/models/operations/listcreateoperationsrequest.md
  - docs/sdk/models/operations/listcreateoperationsresponse.md
  - docs/sdk/models/operations/getconfigurationrequest.md
  - docs/sdk/models/operations/getconfigurationresponse.md
  - docs/sdk/models/operations/setconfigurationrequest.md
  - docs/sdk/models/operations/setconfigurationresponse.md
  - docs/sdk/models/shared/zero.md
  - docs/sdk/models/shared/errormessage.md
  - docs/sdk/models/shared/groupreference.md
  - docs/sdk/models/shared/company.md
  - docs/sdk/models/shared/sourcetype.md
  - docs/sdk/models/shared/connection.md
  - docs/sdk/models/shared/dataconnectionstatus.md
  - docs/sdk/models/shared/dataconnectionerror.md
  - docs/sdk/models/shared/companyrequestbody.md
  - docs/sdk/models/shared/items.md
  - docs/sdk/models/shared/companies.md
  - docs/sdk/models/shared/links.md
  - docs/sdk/models/shared/halref.md
  - docs/sdk/models/shared/connections.md
  - docs/sdk/models/shared/bankfeedaccountmappingresponse.md
  - docs/sdk/models/shared/bankfeedmapping.md
  - docs/sdk/models/shared/targetaccountoption.md
  - docs/sdk/models/shared/sourceaccount.md
  - docs/sdk/models/shared/bankaccountcredentials.md
  - docs/sdk/models/shared/bankaccounttype.md
  - docs/sdk/models/shared/metadata.md
  - docs/sdk/models/shared/supplementaldata.md
  - docs/sdk/models/shared/accountingbankaccount.md
  - docs/sdk/models/shared/bankaccounts.md
  - docs/sdk/models/shared/createbanktransactionsresponse.md
  - docs/sdk/models/shared/validation.md
  - docs/sdk/models/shared/validationitem.md
  - docs/sdk/models/shared/pushoperationstatus.md
  - docs/sdk/models/shared/datatype.md
  - docs/sdk/models/shared/createbanktransactions.md
  - docs/sdk/models/shared/banktransactiontype.md
  - docs/sdk/models/shared/banktransactions.md
  - docs/sdk/models/shared/pushoperationchange.md
  - docs/sdk/models/shared/pushchangetype.md
  - docs/sdk/models/shared/pushoperationref.md
  - docs/sdk/models/shared/pushoperation.md
  - docs/sdk/models/shared/pushoperations.md
  - docs/sdk/models/shared/configuration.md
  - docs/sdk/models/shared/configurationschedule.md
  - docs/sdk/models/shared/syncconfiguration.md
  - docs/sdk/models/shared/syncasexpenses.md
  - docs/sdk/models/shared/configurationsupplier.md
  - docs/sdk/models/shared/configurationcontactref.md
  - docs/sdk/models/shared/configurationcustomer.md
  - docs/sdk/models/shared/bankaccountoption.md
  - docs/sdk/models/shared/syncasbankfeeds.md
  - docs/sdk/models/shared/security.md
  - docs/sdk/models/shared/clientratelimitreachedwebhook.md
  - docs/sdk/models/shared/clientratelimitreachedwebhookdata.md
  - docs/sdk/models/shared/clientratelimitresetwebhook.md
  - docs/sdk/models/shared/clientratelimitresetwebhookdata.md
  - docs/sdk/models/webhooks/clientratelimitreachedresponse.md
  - docs/sdk/models/webhooks/clientratelimitresetresponse.md
  - docs/sdks/codatbankfeeds/README.md
  - docs/internal/utils/retryconfig.md
  - docs/sdks/companies/README.md
  - docs/sdks/connections/README.md
  - docs/sdks/accountmapping/README.md
  - docs/sdks/sourceaccounts/README.md
  - docs/sdks/bankaccounts/README.md
  - docs/sdks/transactions/README.md
  - docs/sdks/configuration/README.md
  - USAGE.md
  - .gitattributes
